// !$*UTF8*$!
{
	archiveVersion = 1;
	classes = {
	};
	objectVersion = 46;
	objects = {

/* Begin PBXBuildFile section */
		2703E9BE1BF59D7F00AAD0C6 /* OutputBase.cpp in Sources */ = {isa = PBXBuildFile; fileRef = 2703E9BC1BF59D7F00AAD0C6 /* OutputBase.cpp */; };
		2703E9C31BF5ADCB00AAD0C6 /* OutputWav.cpp in Sources */ = {isa = PBXBuildFile; fileRef = 2703E9C11BF5ADCB00AAD0C6 /* OutputWav.cpp */; };
		2703E9C61BF5C31E00AAD0C6 /* AudioHierarchy.cpp in Sources */ = {isa = PBXBuildFile; fileRef = 2703E9C41BF5C31E00AAD0C6 /* AudioHierarchy.cpp */; };
		2721DBF81D4C959900CEFBCF /* GeneratorFilter.cpp in Sources */ = {isa = PBXBuildFile; fileRef = 2721DBF61D4C959900CEFBCF /* GeneratorFilter.cpp */; };
		27373AA81D433B2D00FF6521 /* OutputAudioQueue.cpp in Sources */ = {isa = PBXBuildFile; fileRef = 27373AA61D433B2D00FF6521 /* OutputAudioQueue.cpp */; };
		27373AAA1D44064B00FF6521 /* CoreAudio.framework in Frameworks */ = {isa = PBXBuildFile; fileRef = 27373AA91D44064B00FF6521 /* CoreAudio.framework */; };
		27373AAC1D440F1F00FF6521 /* AudioToolbox.framework in Frameworks */ = {isa = PBXBuildFile; fileRef = 27373AAB1D440F1F00FF6521 /* AudioToolbox.framework */; };
		27373AAE1D440F3300FF6521 /* CoreFoundation.framework in Frameworks */ = {isa = PBXBuildFile; fileRef = 27373AAD1D440F3300FF6521 /* CoreFoundation.framework */; };
		274B87EE1D33638400374A02 /* BaseCounted.cpp in Sources */ = {isa = PBXBuildFile; fileRef = 274B87EC1D33638400374A02 /* BaseCounted.cpp */; };
		274B88011D3B119E00374A02 /* GeneratorAdd.cpp in Sources */ = {isa = PBXBuildFile; fileRef = 274B87FF1D3B119E00374A02 /* GeneratorAdd.cpp */; };
		275346771D64377A00EB64D7 /* GeneratorFilterComb.cpp in Sources */ = {isa = PBXBuildFile; fileRef = 275346751D64377A00EB64D7 /* GeneratorFilterComb.cpp */; };
		275BBAEE1DB28A1C00E991B0 /* GeneratorStatement.cpp in Sources */ = {isa = PBXBuildFile; fileRef = 275BBAEC1DB28A1C00E991B0 /* GeneratorStatement.cpp */; };
		275BBB011DB4413B00E991B0 /* GeneratorRef.cpp in Sources */ = {isa = PBXBuildFile; fileRef = 275BBAFF1DB4413B00E991B0 /* GeneratorRef.cpp */; };
		2761C3F51D3212C8008D5041 /* MachineState.cpp in Sources */ = {isa = PBXBuildFile; fileRef = 2761C3F41D3212C8008D5041 /* MachineState.cpp */; };
		2769070C1C0429DE00C4734A /* GeneratorState.cpp in Sources */ = {isa = PBXBuildFile; fileRef = 2769070A1C0429DE00C4734A /* GeneratorState.cpp */; };
		276ED70B1BE724E500D4E788 /* main.cpp in Sources */ = {isa = PBXBuildFile; fileRef = 276ED70A1BE724E500D4E788 /* main.cpp */; };
		276ED7351BE725B400D4E788 /* CmdAudio.cpp in Sources */ = {isa = PBXBuildFile; fileRef = 276ED7111BE725B400D4E788 /* CmdAudio.cpp */; };
		276ED7361BE725B400D4E788 /* GeneratorDelay.cpp in Sources */ = {isa = PBXBuildFile; fileRef = 276ED7121BE725B400D4E788 /* GeneratorDelay.cpp */; };
		276ED7371BE725B400D4E788 /* GeneratorRamp.cpp in Sources */ = {isa = PBXBuildFile; fileRef = 276ED7131BE725B400D4E788 /* GeneratorRamp.cpp */; };
		276ED7381BE725B400D4E788 /* GeneratorSaw.cpp in Sources */ = {isa = PBXBuildFile; fileRef = 276ED7161BE725B400D4E788 /* GeneratorSaw.cpp */; };
		276ED7391BE725B400D4E788 /* GeneratorValueTransformHardClip.cpp in Sources */ = {isa = PBXBuildFile; fileRef = 276ED7171BE725B400D4E788 /* GeneratorValueTransformHardClip.cpp */; };
		276ED73A1BE725B400D4E788 /* WavWriter.cpp in Sources */ = {isa = PBXBuildFile; fileRef = 276ED7191BE725B400D4E788 /* WavWriter.cpp */; };
		276ED73B1BE725B400D4E788 /* SampleDataBuffer.cpp in Sources */ = {isa = PBXBuildFile; fileRef = 276ED71A1BE725B400D4E788 /* SampleDataBuffer.cpp */; };
		276ED73C1BE725B400D4E788 /* GeneratorBase.cpp in Sources */ = {isa = PBXBuildFile; fileRef = 276ED71B1BE725B400D4E788 /* GeneratorBase.cpp */; };
		276ED73D1BE725B400D4E788 /* GeneratorMultiply.cpp in Sources */ = {isa = PBXBuildFile; fileRef = 276ED71E1BE725B400D4E788 /* GeneratorMultiply.cpp */; };
		276ED73E1BE725B400D4E788 /* GeneratorValueTransform.cpp in Sources */ = {isa = PBXBuildFile; fileRef = 276ED71F1BE725B400D4E788 /* GeneratorValueTransform.cpp */; };
		276ED73F1BE725B400D4E788 /* GeneratorWaveformBase.cpp in Sources */ = {isa = PBXBuildFile; fileRef = 276ED7201BE725B400D4E788 /* GeneratorWaveformBase.cpp */; };
		276ED7401BE725B400D4E788 /* GeneratorLerp.cpp in Sources */ = {isa = PBXBuildFile; fileRef = 276ED7211BE725B400D4E788 /* GeneratorLerp.cpp */; };
		276ED7411BE725B400D4E788 /* GeneratorConstant.cpp in Sources */ = {isa = PBXBuildFile; fileRef = 276ED7221BE725B400D4E788 /* GeneratorConstant.cpp */; };
		276ED7421BE725B400D4E788 /* GeneratorSine.cpp in Sources */ = {isa = PBXBuildFile; fileRef = 276ED72B1BE725B400D4E788 /* GeneratorSine.cpp */; };
		276ED7431BE725B400D4E788 /* TransformClamp.cpp in Sources */ = {isa = PBXBuildFile; fileRef = 276ED72E1BE725B400D4E788 /* TransformClamp.cpp */; };
		276ED7441BE725B400D4E788 /* TransformFunc.cpp in Sources */ = {isa = PBXBuildFile; fileRef = 276ED7301BE725B400D4E788 /* TransformFunc.cpp */; };
		276ED7451BE725B400D4E788 /* stdafx.cpp in Sources */ = {isa = PBXBuildFile; fileRef = 276ED7321BE725B400D4E788 /* stdafx.cpp */; };
		27AA19521D74867300495868 /* AudioHierarchyBuilder.cpp in Sources */ = {isa = PBXBuildFile; fileRef = 27AA19501D74867300495868 /* AudioHierarchyBuilder.cpp */; };
		27B64A2B1DBDD56600842270 /* GeneratorThreshold.cpp in Sources */ = {isa = PBXBuildFile; fileRef = 27B64A291DBDD56600842270 /* GeneratorThreshold.cpp */; };
		27B64A2E1DBE5B8800842270 /* GeneratorInvert.cpp in Sources */ = {isa = PBXBuildFile; fileRef = 27B64A2C1DBE5B8800842270 /* GeneratorInvert.cpp */; };
		27D48B2A1DA6997D001EC9A7 /* GeneratorHold.cpp in Sources */ = {isa = PBXBuildFile; fileRef = 27D48B281DA6997D001EC9A7 /* GeneratorHold.cpp */; };
		27DC98341BFB7D0B00D7D8C7 /* GeneratorComponent.cpp in Sources */ = {isa = PBXBuildFile; fileRef = 27DC98321BFB7D0B00D7D8C7 /* GeneratorComponent.cpp */; };
		27DC98471BFC5A1000D7D8C7 /* GeneratorPulse.cpp in Sources */ = {isa = PBXBuildFile; fileRef = 27DC98451BFC5A1000D7D8C7 /* GeneratorPulse.cpp */; };
		27DC984A1BFD83DA00D7D8C7 /* GeneratorUnbound.cpp in Sources */ = {isa = PBXBuildFile; fileRef = 27DC98481BFD83DA00D7D8C7 /* GeneratorUnbound.cpp */; };
		27DC984D1BFE1D1600D7D8C7 /* GeneratorArray.cpp in Sources */ = {isa = PBXBuildFile; fileRef = 27DC984B1BFE1D1600D7D8C7 /* GeneratorArray.cpp */; };
		27DDD0B61C058BB900EF46D6 /* GeneratorInstance.cpp in Sources */ = {isa = PBXBuildFile; fileRef = 27DDD0B41C058BB900EF46D6 /* GeneratorInstance.cpp */; };
		27E299371D6A95E500046849 /* GeneratorFilterHigh.cpp in Sources */ = {isa = PBXBuildFile; fileRef = 27E299351D6A95E500046849 /* GeneratorFilterHigh.cpp */; };
		27E2994A1D6AB83300046849 /* GeneratorMidiChannel.cpp in Sources */ = {isa = PBXBuildFile; fileRef = 27E299481D6AB83300046849 /* GeneratorMidiChannel.cpp */; };
		27E2999F1D708CCC00046849 /* CmdAudioBaseListener.cpp in Sources */ = {isa = PBXBuildFile; fileRef = 27E299961D708CCC00046849 /* CmdAudioBaseListener.cpp */; };
		27E299A01D708CCC00046849 /* CmdAudioLexer.cpp in Sources */ = {isa = PBXBuildFile; fileRef = 27E299981D708CCC00046849 /* CmdAudioLexer.cpp */; };
		27E299A11D708CCC00046849 /* CmdAudioListener.cpp in Sources */ = {isa = PBXBuildFile; fileRef = 27E2999B1D708CCC00046849 /* CmdAudioListener.cpp */; };
		27E299A21D708CCC00046849 /* CmdAudioParser.cpp in Sources */ = {isa = PBXBuildFile; fileRef = 27E2999D1D708CCC00046849 /* CmdAudioParser.cpp */; };
		27E29A561D72055F00046849 /* libantlr4-runtime.a in Frameworks */ = {isa = PBXBuildFile; fileRef = 27E29A551D72055F00046849 /* libantlr4-runtime.a */; };
		27E29A571D7205B300046849 /* libyaml-cpp.a in Frameworks */ = {isa = PBXBuildFile; fileRef = 2703E9A71BECFD0F00AAD0C6 /* libyaml-cpp.a */; };
		27EDD7141D61820B0051C947 /* GeneratorNoise.cpp in Sources */ = {isa = PBXBuildFile; fileRef = 27EDD7121D61820B0051C947 /* GeneratorNoise.cpp */; };
		27EDD7271D618E080051C947 /* GeneratorPinkify.cpp in Sources */ = {isa = PBXBuildFile; fileRef = 27EDD7251D618E080051C947 /* GeneratorPinkify.cpp */; };
		27EFE71E1DC6FD8B003E3035 /* GeneratorLerp01.cpp in Sources */ = {isa = PBXBuildFile; fileRef = 27EFE71C1DC6FD8B003E3035 /* GeneratorLerp01.cpp */; };
		27EFE7311DC7F514003E3035 /* GeneratorSquare.cpp in Sources */ = {isa = PBXBuildFile; fileRef = 27EFE72F1DC7F514003E3035 /* GeneratorSquare.cpp */; };
/* End PBXBuildFile section */

/* Begin PBXContainerItemProxy section */
		2703E9A61BECFD0F00AAD0C6 /* PBXContainerItemProxy */ = {
			isa = PBXContainerItemProxy;
			containerPortal = 2703E9931BECFD0F00AAD0C6 /* YAML_CPP.xcodeproj */;
			proxyType = 2;
			remoteGlobalIDString = EB8A5F10AA7040049B2DA672;
			remoteInfo = "yaml-cpp";
		};
		2703E9A81BECFD0F00AAD0C6 /* PBXContainerItemProxy */ = {
			isa = PBXContainerItemProxy;
			containerPortal = 2703E9931BECFD0F00AAD0C6 /* YAML_CPP.xcodeproj */;
			proxyType = 2;
			remoteGlobalIDString = 08F746E4CF5F4B71892F377C;
			remoteInfo = "run-tests";
		};
		2703E9AA1BECFD0F00AAD0C6 /* PBXContainerItemProxy */ = {
			isa = PBXContainerItemProxy;
			containerPortal = 2703E9931BECFD0F00AAD0C6 /* YAML_CPP.xcodeproj */;
			proxyType = 2;
			remoteGlobalIDString = CEEEDC385F6543E7ABF488EB;
			remoteInfo = gmock;
		};
		2703E9AC1BECFD0F00AAD0C6 /* PBXContainerItemProxy */ = {
			isa = PBXContainerItemProxy;
			containerPortal = 2703E9931BECFD0F00AAD0C6 /* YAML_CPP.xcodeproj */;
			proxyType = 2;
			remoteGlobalIDString = A3436CDEFD2D4B4FA489B682;
			remoteInfo = gmock_main;
		};
		2703E9AE1BECFD0F00AAD0C6 /* PBXContainerItemProxy */ = {
			isa = PBXContainerItemProxy;
			containerPortal = 2703E9931BECFD0F00AAD0C6 /* YAML_CPP.xcodeproj */;
			proxyType = 2;
			remoteGlobalIDString = 344AF570399A44B8AEB35861;
			remoteInfo = gtest;
		};
		2703E9B01BECFD0F00AAD0C6 /* PBXContainerItemProxy */ = {
			isa = PBXContainerItemProxy;
			containerPortal = 2703E9931BECFD0F00AAD0C6 /* YAML_CPP.xcodeproj */;
			proxyType = 2;
			remoteGlobalIDString = CDB58F64E328479CBC10B009;
			remoteInfo = gtest_main;
		};
		2703E9B21BECFD0F00AAD0C6 /* PBXContainerItemProxy */ = {
			isa = PBXContainerItemProxy;
			containerPortal = 2703E9931BECFD0F00AAD0C6 /* YAML_CPP.xcodeproj */;
			proxyType = 2;
			remoteGlobalIDString = 5117D5F93C334E74999AEB39;
			remoteInfo = parse;
		};
		2703E9B41BECFD0F00AAD0C6 /* PBXContainerItemProxy */ = {
			isa = PBXContainerItemProxy;
			containerPortal = 2703E9931BECFD0F00AAD0C6 /* YAML_CPP.xcodeproj */;
			proxyType = 2;
			remoteGlobalIDString = E42ED72500254FB386F42ED8;
			remoteInfo = read;
		};
		2703E9B61BECFD0F00AAD0C6 /* PBXContainerItemProxy */ = {
			isa = PBXContainerItemProxy;
			containerPortal = 2703E9931BECFD0F00AAD0C6 /* YAML_CPP.xcodeproj */;
			proxyType = 2;
			remoteGlobalIDString = 56CAD2C38D904E258CFD6C03;
			remoteInfo = sandbox;
		};
/* End PBXContainerItemProxy section */

/* Begin PBXCopyFilesBuildPhase section */
		276ED7051BE724E500D4E788 /* CopyFiles */ = {
			isa = PBXCopyFilesBuildPhase;
			buildActionMask = 2147483647;
			dstPath = usr/share/man/man1;
			dstSubfolderSpec = 6;
			files = (
			);
			runOnlyForDeploymentPostprocessing = 1;
		};
/* End PBXCopyFilesBuildPhase section */

/* Begin PBXFileReference section */
		2703E9931BECFD0F00AAD0C6 /* YAML_CPP.xcodeproj */ = {isa = PBXFileReference; lastKnownFileType = "wrapper.pb-project"; name = YAML_CPP.xcodeproj; path = "yaml-cpp/YAML_CPP.xcodeproj"; sourceTree = "<group>"; };
		2703E9B91BF071E200AAD0C6 /* Test1.yaml */ = {isa = PBXFileReference; fileEncoding = 4; lastKnownFileType = text; name = Test1.yaml; path = Config/Test1.yaml; sourceTree = "<group>"; };
		2703E9BA1BF0F1B600AAD0C6 /* libyaml-cpp.a */ = {isa = PBXFileReference; lastKnownFileType = archive.ar; name = "libyaml-cpp.a"; path = "yaml-cpp/Release/libyaml-cpp.a"; sourceTree = "<group>"; };
		2703E9BC1BF59D7F00AAD0C6 /* OutputBase.cpp */ = {isa = PBXFileReference; fileEncoding = 4; lastKnownFileType = sourcecode.cpp.cpp; path = OutputBase.cpp; sourceTree = "<group>"; };
		2703E9BD1BF59D7F00AAD0C6 /* OutputBase.h */ = {isa = PBXFileReference; fileEncoding = 4; lastKnownFileType = sourcecode.c.h; path = OutputBase.h; sourceTree = "<group>"; };
		2703E9C11BF5ADCB00AAD0C6 /* OutputWav.cpp */ = {isa = PBXFileReference; fileEncoding = 4; lastKnownFileType = sourcecode.cpp.cpp; path = OutputWav.cpp; sourceTree = "<group>"; };
		2703E9C21BF5ADCB00AAD0C6 /* OutputWav.h */ = {isa = PBXFileReference; fileEncoding = 4; lastKnownFileType = sourcecode.c.h; path = OutputWav.h; sourceTree = "<group>"; };
		2703E9C41BF5C31E00AAD0C6 /* AudioHierarchy.cpp */ = {isa = PBXFileReference; fileEncoding = 4; lastKnownFileType = sourcecode.cpp.cpp; path = AudioHierarchy.cpp; sourceTree = "<group>"; };
		2703E9C51BF5C31E00AAD0C6 /* AudioHierarchy.h */ = {isa = PBXFileReference; fileEncoding = 4; lastKnownFileType = sourcecode.c.h; path = AudioHierarchy.h; sourceTree = "<group>"; };
		2721DBF61D4C959900CEFBCF /* GeneratorFilter.cpp */ = {isa = PBXFileReference; fileEncoding = 4; lastKnownFileType = sourcecode.cpp.cpp; path = GeneratorFilter.cpp; sourceTree = "<group>"; };
		2721DBF71D4C959900CEFBCF /* GeneratorFilter.h */ = {isa = PBXFileReference; fileEncoding = 4; lastKnownFileType = sourcecode.c.h; path = GeneratorFilter.h; sourceTree = "<group>"; };
		272D34831D82841A0020CCC9 /* Test1.cmdaudio */ = {isa = PBXFileReference; fileEncoding = 4; lastKnownFileType = text; name = Test1.cmdaudio; path = Config/Test1.cmdaudio; sourceTree = "<group>"; };
		27373AA61D433B2D00FF6521 /* OutputAudioQueue.cpp */ = {isa = PBXFileReference; fileEncoding = 4; lastKnownFileType = sourcecode.cpp.cpp; path = OutputAudioQueue.cpp; sourceTree = "<group>"; };
		27373AA71D433B2D00FF6521 /* OutputAudioQueue.h */ = {isa = PBXFileReference; fileEncoding = 4; lastKnownFileType = sourcecode.c.h; path = OutputAudioQueue.h; sourceTree = "<group>"; };
		27373AA91D44064B00FF6521 /* CoreAudio.framework */ = {isa = PBXFileReference; lastKnownFileType = wrapper.framework; name = CoreAudio.framework; path = System/Library/Frameworks/CoreAudio.framework; sourceTree = SDKROOT; };
		27373AAB1D440F1F00FF6521 /* AudioToolbox.framework */ = {isa = PBXFileReference; lastKnownFileType = wrapper.framework; name = AudioToolbox.framework; path = System/Library/Frameworks/AudioToolbox.framework; sourceTree = SDKROOT; };
		27373AAD1D440F3300FF6521 /* CoreFoundation.framework */ = {isa = PBXFileReference; lastKnownFileType = wrapper.framework; name = CoreFoundation.framework; path = System/Library/Frameworks/CoreFoundation.framework; sourceTree = SDKROOT; };
		274B87EC1D33638400374A02 /* BaseCounted.cpp */ = {isa = PBXFileReference; fileEncoding = 4; lastKnownFileType = sourcecode.cpp.cpp; path = BaseCounted.cpp; sourceTree = "<group>"; };
		274B87ED1D33638400374A02 /* BaseCounted.h */ = {isa = PBXFileReference; fileEncoding = 4; lastKnownFileType = sourcecode.c.h; path = BaseCounted.h; sourceTree = "<group>"; };
		274B87FF1D3B119E00374A02 /* GeneratorAdd.cpp */ = {isa = PBXFileReference; fileEncoding = 4; lastKnownFileType = sourcecode.cpp.cpp; path = GeneratorAdd.cpp; sourceTree = "<group>"; };
		274B88001D3B119E00374A02 /* GeneratorAdd.h */ = {isa = PBXFileReference; fileEncoding = 4; lastKnownFileType = sourcecode.c.h; path = GeneratorAdd.h; sourceTree = "<group>"; };
		275346751D64377A00EB64D7 /* GeneratorFilterComb.cpp */ = {isa = PBXFileReference; fileEncoding = 4; lastKnownFileType = sourcecode.cpp.cpp; path = GeneratorFilterComb.cpp; sourceTree = "<group>"; };
		275346761D64377A00EB64D7 /* GeneratorFilterComb.h */ = {isa = PBXFileReference; fileEncoding = 4; lastKnownFileType = sourcecode.c.h; path = GeneratorFilterComb.h; sourceTree = "<group>"; };
		275BBAEC1DB28A1C00E991B0 /* GeneratorStatement.cpp */ = {isa = PBXFileReference; fileEncoding = 4; lastKnownFileType = sourcecode.cpp.cpp; path = GeneratorStatement.cpp; sourceTree = "<group>"; };
		275BBAED1DB28A1C00E991B0 /* GeneratorStatement.h */ = {isa = PBXFileReference; fileEncoding = 4; lastKnownFileType = sourcecode.c.h; path = GeneratorStatement.h; sourceTree = "<group>"; };
		275BBAFF1DB4413B00E991B0 /* GeneratorRef.cpp */ = {isa = PBXFileReference; fileEncoding = 4; lastKnownFileType = sourcecode.cpp.cpp; path = GeneratorRef.cpp; sourceTree = "<group>"; };
		275BBB001DB4413B00E991B0 /* GeneratorRef.h */ = {isa = PBXFileReference; fileEncoding = 4; lastKnownFileType = sourcecode.c.h; path = GeneratorRef.h; sourceTree = "<group>"; };
		2761C3F41D3212C8008D5041 /* MachineState.cpp */ = {isa = PBXFileReference; fileEncoding = 4; lastKnownFileType = sourcecode.cpp.cpp; path = MachineState.cpp; sourceTree = "<group>"; };
		2769070A1C0429DE00C4734A /* GeneratorState.cpp */ = {isa = PBXFileReference; fileEncoding = 4; lastKnownFileType = sourcecode.cpp.cpp; path = GeneratorState.cpp; sourceTree = "<group>"; };
		2769070B1C0429DE00C4734A /* GeneratorState.h */ = {isa = PBXFileReference; fileEncoding = 4; lastKnownFileType = sourcecode.c.h; path = GeneratorState.h; sourceTree = "<group>"; };
		276ED7071BE724E500D4E788 /* CmdAudio */ = {isa = PBXFileReference; explicitFileType = "compiled.mach-o.executable"; includeInIndex = 0; path = CmdAudio; sourceTree = BUILT_PRODUCTS_DIR; };
		276ED70A1BE724E500D4E788 /* main.cpp */ = {isa = PBXFileReference; lastKnownFileType = sourcecode.cpp.cpp; path = main.cpp; sourceTree = "<group>"; };
		276ED7111BE725B400D4E788 /* CmdAudio.cpp */ = {isa = PBXFileReference; fileEncoding = 4; lastKnownFileType = sourcecode.cpp.cpp; path = CmdAudio.cpp; sourceTree = "<group>"; };
		276ED7121BE725B400D4E788 /* GeneratorDelay.cpp */ = {isa = PBXFileReference; fileEncoding = 4; lastKnownFileType = sourcecode.cpp.cpp; path = GeneratorDelay.cpp; sourceTree = "<group>"; };
		276ED7131BE725B400D4E788 /* GeneratorRamp.cpp */ = {isa = PBXFileReference; fileEncoding = 4; lastKnownFileType = sourcecode.cpp.cpp; path = GeneratorRamp.cpp; sourceTree = "<group>"; };
		276ED7141BE725B400D4E788 /* GeneratorRamp.h */ = {isa = PBXFileReference; fileEncoding = 4; lastKnownFileType = sourcecode.c.h; path = GeneratorRamp.h; sourceTree = "<group>"; };
		276ED7151BE725B400D4E788 /* GeneratorWaveformBase.h */ = {isa = PBXFileReference; fileEncoding = 4; lastKnownFileType = sourcecode.c.h; path = GeneratorWaveformBase.h; sourceTree = "<group>"; };
		276ED7161BE725B400D4E788 /* GeneratorSaw.cpp */ = {isa = PBXFileReference; fileEncoding = 4; lastKnownFileType = sourcecode.cpp.cpp; path = GeneratorSaw.cpp; sourceTree = "<group>"; };
		276ED7171BE725B400D4E788 /* GeneratorValueTransformHardClip.cpp */ = {isa = PBXFileReference; fileEncoding = 4; lastKnownFileType = sourcecode.cpp.cpp; path = GeneratorValueTransformHardClip.cpp; sourceTree = "<group>"; };
		276ED7181BE725B400D4E788 /* GeneratorValueTransformHardClip.h */ = {isa = PBXFileReference; fileEncoding = 4; lastKnownFileType = sourcecode.c.h; path = GeneratorValueTransformHardClip.h; sourceTree = "<group>"; };
		276ED7191BE725B400D4E788 /* WavWriter.cpp */ = {isa = PBXFileReference; fileEncoding = 4; lastKnownFileType = sourcecode.cpp.cpp; path = WavWriter.cpp; sourceTree = "<group>"; };
		276ED71A1BE725B400D4E788 /* SampleDataBuffer.cpp */ = {isa = PBXFileReference; fileEncoding = 4; lastKnownFileType = sourcecode.cpp.cpp; path = SampleDataBuffer.cpp; sourceTree = "<group>"; };
		276ED71B1BE725B400D4E788 /* GeneratorBase.cpp */ = {isa = PBXFileReference; fileEncoding = 4; lastKnownFileType = sourcecode.cpp.cpp; path = GeneratorBase.cpp; sourceTree = "<group>"; };
		276ED71C1BE725B400D4E788 /* CmdAudio.h */ = {isa = PBXFileReference; fileEncoding = 4; lastKnownFileType = sourcecode.c.h; path = CmdAudio.h; sourceTree = "<group>"; };
		276ED71D1BE725B400D4E788 /* GeneratorBase.h */ = {isa = PBXFileReference; fileEncoding = 4; lastKnownFileType = sourcecode.c.h; path = GeneratorBase.h; sourceTree = "<group>"; };
		276ED71E1BE725B400D4E788 /* GeneratorMultiply.cpp */ = {isa = PBXFileReference; fileEncoding = 4; lastKnownFileType = sourcecode.cpp.cpp; path = GeneratorMultiply.cpp; sourceTree = "<group>"; };
		276ED71F1BE725B400D4E788 /* GeneratorValueTransform.cpp */ = {isa = PBXFileReference; fileEncoding = 4; lastKnownFileType = sourcecode.cpp.cpp; path = GeneratorValueTransform.cpp; sourceTree = "<group>"; };
		276ED7201BE725B400D4E788 /* GeneratorWaveformBase.cpp */ = {isa = PBXFileReference; fileEncoding = 4; lastKnownFileType = sourcecode.cpp.cpp; path = GeneratorWaveformBase.cpp; sourceTree = "<group>"; };
		276ED7211BE725B400D4E788 /* GeneratorLerp.cpp */ = {isa = PBXFileReference; fileEncoding = 4; lastKnownFileType = sourcecode.cpp.cpp; path = GeneratorLerp.cpp; sourceTree = "<group>"; };
		276ED7221BE725B400D4E788 /* GeneratorConstant.cpp */ = {isa = PBXFileReference; fileEncoding = 4; lastKnownFileType = sourcecode.cpp.cpp; path = GeneratorConstant.cpp; sourceTree = "<group>"; };
		276ED7231BE725B400D4E788 /* GeneratorSaw.h */ = {isa = PBXFileReference; fileEncoding = 4; lastKnownFileType = sourcecode.c.h; path = GeneratorSaw.h; sourceTree = "<group>"; };
		276ED7241BE725B400D4E788 /* GeneratorLerp.h */ = {isa = PBXFileReference; fileEncoding = 4; lastKnownFileType = sourcecode.c.h; path = GeneratorLerp.h; sourceTree = "<group>"; };
		276ED7251BE725B400D4E788 /* GeneratorConstant.h */ = {isa = PBXFileReference; fileEncoding = 4; lastKnownFileType = sourcecode.c.h; path = GeneratorConstant.h; sourceTree = "<group>"; };
		276ED7261BE725B400D4E788 /* GeneratorSine.h */ = {isa = PBXFileReference; fileEncoding = 4; lastKnownFileType = sourcecode.c.h; path = GeneratorSine.h; sourceTree = "<group>"; };
		276ED7271BE725B400D4E788 /* GeneratorValueTransform.h */ = {isa = PBXFileReference; fileEncoding = 4; lastKnownFileType = sourcecode.c.h; path = GeneratorValueTransform.h; sourceTree = "<group>"; };
		276ED7281BE725B400D4E788 /* GeneratorDelay.h */ = {isa = PBXFileReference; fileEncoding = 4; lastKnownFileType = sourcecode.c.h; path = GeneratorDelay.h; sourceTree = "<group>"; };
		276ED7291BE725B400D4E788 /* WavWriter.h */ = {isa = PBXFileReference; fileEncoding = 4; lastKnownFileType = sourcecode.c.h; path = WavWriter.h; sourceTree = "<group>"; };
		276ED72A1BE725B400D4E788 /* GeneratorMultiply.h */ = {isa = PBXFileReference; fileEncoding = 4; lastKnownFileType = sourcecode.c.h; path = GeneratorMultiply.h; sourceTree = "<group>"; };
		276ED72B1BE725B400D4E788 /* GeneratorSine.cpp */ = {isa = PBXFileReference; fileEncoding = 4; lastKnownFileType = sourcecode.cpp.cpp; path = GeneratorSine.cpp; sourceTree = "<group>"; };
		276ED72C1BE725B400D4E788 /* SampleDataBuffer.h */ = {isa = PBXFileReference; fileEncoding = 4; lastKnownFileType = sourcecode.c.h; path = SampleDataBuffer.h; sourceTree = "<group>"; };
		276ED72D1BE725B400D4E788 /* TransformClamp.h */ = {isa = PBXFileReference; fileEncoding = 4; lastKnownFileType = sourcecode.c.h; path = TransformClamp.h; sourceTree = "<group>"; };
		276ED72E1BE725B400D4E788 /* TransformClamp.cpp */ = {isa = PBXFileReference; fileEncoding = 4; lastKnownFileType = sourcecode.cpp.cpp; path = TransformClamp.cpp; sourceTree = "<group>"; };
		276ED72F1BE725B400D4E788 /* TransformFunc.h */ = {isa = PBXFileReference; fileEncoding = 4; lastKnownFileType = sourcecode.c.h; path = TransformFunc.h; sourceTree = "<group>"; };
		276ED7301BE725B400D4E788 /* TransformFunc.cpp */ = {isa = PBXFileReference; fileEncoding = 4; lastKnownFileType = sourcecode.cpp.cpp; path = TransformFunc.cpp; sourceTree = "<group>"; };
		276ED7311BE725B400D4E788 /* ReadMe.txt */ = {isa = PBXFileReference; fileEncoding = 4; lastKnownFileType = text; path = ReadMe.txt; sourceTree = "<group>"; };
		276ED7321BE725B400D4E788 /* stdafx.cpp */ = {isa = PBXFileReference; fileEncoding = 4; lastKnownFileType = sourcecode.cpp.cpp; path = stdafx.cpp; sourceTree = "<group>"; };
		276ED7331BE725B400D4E788 /* stdafx.h */ = {isa = PBXFileReference; fileEncoding = 4; lastKnownFileType = sourcecode.c.h; path = stdafx.h; sourceTree = "<group>"; };
		27AA19501D74867300495868 /* AudioHierarchyBuilder.cpp */ = {isa = PBXFileReference; fileEncoding = 4; lastKnownFileType = sourcecode.cpp.cpp; path = AudioHierarchyBuilder.cpp; sourceTree = "<group>"; };
		27AA19511D74867300495868 /* AudioHierarchyBuilder.h */ = {isa = PBXFileReference; fileEncoding = 4; lastKnownFileType = sourcecode.c.h; path = AudioHierarchyBuilder.h; sourceTree = "<group>"; };
		27B045861D322537003CEC0D /* MachineState.h */ = {isa = PBXFileReference; fileEncoding = 4; lastKnownFileType = sourcecode.c.h; path = MachineState.h; sourceTree = "<group>"; };
		27B64A181DBDCDB500842270 /* Test2.cmdaudio */ = {isa = PBXFileReference; fileEncoding = 4; lastKnownFileType = text; name = Test2.cmdaudio; path = Config/Test2.cmdaudio; sourceTree = "<group>"; };
		27B64A291DBDD56600842270 /* GeneratorThreshold.cpp */ = {isa = PBXFileReference; fileEncoding = 4; lastKnownFileType = sourcecode.cpp.cpp; path = GeneratorThreshold.cpp; sourceTree = "<group>"; };
		27B64A2A1DBDD56600842270 /* GeneratorThreshold.h */ = {isa = PBXFileReference; fileEncoding = 4; lastKnownFileType = sourcecode.c.h; path = GeneratorThreshold.h; sourceTree = "<group>"; };
		27B64A2C1DBE5B8800842270 /* GeneratorInvert.cpp */ = {isa = PBXFileReference; fileEncoding = 4; lastKnownFileType = sourcecode.cpp.cpp; path = GeneratorInvert.cpp; sourceTree = "<group>"; };
		27B64A2D1DBE5B8800842270 /* GeneratorInvert.h */ = {isa = PBXFileReference; fileEncoding = 4; lastKnownFileType = sourcecode.c.h; path = GeneratorInvert.h; sourceTree = "<group>"; };
		27D48B281DA6997D001EC9A7 /* GeneratorHold.cpp */ = {isa = PBXFileReference; fileEncoding = 4; lastKnownFileType = sourcecode.cpp.cpp; path = GeneratorHold.cpp; sourceTree = "<group>"; };
		27D48B291DA6997D001EC9A7 /* GeneratorHold.h */ = {isa = PBXFileReference; fileEncoding = 4; lastKnownFileType = sourcecode.c.h; path = GeneratorHold.h; sourceTree = "<group>"; };
		27DC98321BFB7D0B00D7D8C7 /* GeneratorComponent.cpp */ = {isa = PBXFileReference; fileEncoding = 4; lastKnownFileType = sourcecode.cpp.cpp; path = GeneratorComponent.cpp; sourceTree = "<group>"; };
		27DC98331BFB7D0B00D7D8C7 /* GeneratorComponent.h */ = {isa = PBXFileReference; fileEncoding = 4; lastKnownFileType = sourcecode.c.h; path = GeneratorComponent.h; sourceTree = "<group>"; };
		27DC98451BFC5A1000D7D8C7 /* GeneratorPulse.cpp */ = {isa = PBXFileReference; fileEncoding = 4; lastKnownFileType = sourcecode.cpp.cpp; path = GeneratorPulse.cpp; sourceTree = "<group>"; };
		27DC98461BFC5A1000D7D8C7 /* GeneratorPulse.h */ = {isa = PBXFileReference; fileEncoding = 4; lastKnownFileType = sourcecode.c.h; path = GeneratorPulse.h; sourceTree = "<group>"; };
		27DC98481BFD83DA00D7D8C7 /* GeneratorUnbound.cpp */ = {isa = PBXFileReference; fileEncoding = 4; lastKnownFileType = sourcecode.cpp.cpp; path = GeneratorUnbound.cpp; sourceTree = "<group>"; };
		27DC98491BFD83DA00D7D8C7 /* GeneratorUnbound.h */ = {isa = PBXFileReference; fileEncoding = 4; lastKnownFileType = sourcecode.c.h; path = GeneratorUnbound.h; sourceTree = "<group>"; };
		27DC984B1BFE1D1600D7D8C7 /* GeneratorArray.cpp */ = {isa = PBXFileReference; fileEncoding = 4; lastKnownFileType = sourcecode.cpp.cpp; path = GeneratorArray.cpp; sourceTree = "<group>"; };
		27DC984C1BFE1D1600D7D8C7 /* GeneratorArray.h */ = {isa = PBXFileReference; fileEncoding = 4; lastKnownFileType = sourcecode.c.h; path = GeneratorArray.h; sourceTree = "<group>"; };
		27DDD0B41C058BB900EF46D6 /* GeneratorInstance.cpp */ = {isa = PBXFileReference; fileEncoding = 4; lastKnownFileType = sourcecode.cpp.cpp; path = GeneratorInstance.cpp; sourceTree = "<group>"; };
		27DDD0B51C058BB900EF46D6 /* GeneratorInstance.h */ = {isa = PBXFileReference; fileEncoding = 4; lastKnownFileType = sourcecode.c.h; path = GeneratorInstance.h; sourceTree = "<group>"; };
		27E299351D6A95E500046849 /* GeneratorFilterHigh.cpp */ = {isa = PBXFileReference; fileEncoding = 4; lastKnownFileType = sourcecode.cpp.cpp; path = GeneratorFilterHigh.cpp; sourceTree = "<group>"; };
		27E299361D6A95E500046849 /* GeneratorFilterHigh.h */ = {isa = PBXFileReference; fileEncoding = 4; lastKnownFileType = sourcecode.c.h; path = GeneratorFilterHigh.h; sourceTree = "<group>"; };
		27E299481D6AB83300046849 /* GeneratorMidiChannel.cpp */ = {isa = PBXFileReference; fileEncoding = 4; lastKnownFileType = sourcecode.cpp.cpp; path = GeneratorMidiChannel.cpp; sourceTree = "<group>"; };
		27E299491D6AB83300046849 /* GeneratorMidiChannel.h */ = {isa = PBXFileReference; fileEncoding = 4; lastKnownFileType = sourcecode.c.h; path = GeneratorMidiChannel.h; sourceTree = "<group>"; };
		27E299951D708CCC00046849 /* CmdAudio.tokens */ = {isa = PBXFileReference; fileEncoding = 4; lastKnownFileType = text; path = CmdAudio.tokens; sourceTree = "<group>"; };
		27E299961D708CCC00046849 /* CmdAudioBaseListener.cpp */ = {isa = PBXFileReference; fileEncoding = 4; lastKnownFileType = sourcecode.cpp.cpp; path = CmdAudioBaseListener.cpp; sourceTree = "<group>"; };
		27E299971D708CCC00046849 /* CmdAudioBaseListener.h */ = {isa = PBXFileReference; fileEncoding = 4; lastKnownFileType = sourcecode.c.h; path = CmdAudioBaseListener.h; sourceTree = "<group>"; };
		27E299981D708CCC00046849 /* CmdAudioLexer.cpp */ = {isa = PBXFileReference; fileEncoding = 4; lastKnownFileType = sourcecode.cpp.cpp; path = CmdAudioLexer.cpp; sourceTree = "<group>"; };
		27E299991D708CCC00046849 /* CmdAudioLexer.h */ = {isa = PBXFileReference; fileEncoding = 4; lastKnownFileType = sourcecode.c.h; path = CmdAudioLexer.h; sourceTree = "<group>"; };
		27E2999A1D708CCC00046849 /* CmdAudioLexer.tokens */ = {isa = PBXFileReference; fileEncoding = 4; lastKnownFileType = text; path = CmdAudioLexer.tokens; sourceTree = "<group>"; };
		27E2999B1D708CCC00046849 /* CmdAudioListener.cpp */ = {isa = PBXFileReference; fileEncoding = 4; lastKnownFileType = sourcecode.cpp.cpp; path = CmdAudioListener.cpp; sourceTree = "<group>"; };
		27E2999C1D708CCC00046849 /* CmdAudioListener.h */ = {isa = PBXFileReference; fileEncoding = 4; lastKnownFileType = sourcecode.c.h; path = CmdAudioListener.h; sourceTree = "<group>"; };
		27E2999D1D708CCC00046849 /* CmdAudioParser.cpp */ = {isa = PBXFileReference; fileEncoding = 4; lastKnownFileType = sourcecode.cpp.cpp; path = CmdAudioParser.cpp; sourceTree = "<group>"; };
		27E2999E1D708CCC00046849 /* CmdAudioParser.h */ = {isa = PBXFileReference; fileEncoding = 4; lastKnownFileType = sourcecode.c.h; path = CmdAudioParser.h; sourceTree = "<group>"; };
		27E299A41D708CEB00046849 /* antlr4-4.5.4-SNAPSHOT.jar */ = {isa = PBXFileReference; lastKnownFileType = archive.jar; path = "antlr4-4.5.4-SNAPSHOT.jar"; sourceTree = "<group>"; };
		27E299A71D708CEB00046849 /* libantlr4-runtime.dylib */ = {isa = PBXFileReference; lastKnownFileType = "compiled.mach-o.dylib"; path = "libantlr4-runtime.dylib"; sourceTree = "<group>"; };
		27E299AC1D708E0000046849 /* antlr4-common.h */ = {isa = PBXFileReference; fileEncoding = 4; lastKnownFileType = sourcecode.c.h; path = "antlr4-common.h"; sourceTree = "<group>"; };
		27E299AD1D708E0000046849 /* antlr4-runtime.h */ = {isa = PBXFileReference; fileEncoding = 4; lastKnownFileType = sourcecode.c.h; path = "antlr4-runtime.h"; sourceTree = "<group>"; };
		27E299AE1D708E0000046849 /* ANTLRErrorListener.h */ = {isa = PBXFileReference; fileEncoding = 4; lastKnownFileType = sourcecode.c.h; path = ANTLRErrorListener.h; sourceTree = "<group>"; };
		27E299AF1D708E0000046849 /* ANTLRErrorStrategy.h */ = {isa = PBXFileReference; fileEncoding = 4; lastKnownFileType = sourcecode.c.h; path = ANTLRErrorStrategy.h; sourceTree = "<group>"; };
		27E299B01D708E0000046849 /* ANTLRFileStream.h */ = {isa = PBXFileReference; fileEncoding = 4; lastKnownFileType = sourcecode.c.h; path = ANTLRFileStream.h; sourceTree = "<group>"; };
		27E299B11D708E0000046849 /* ANTLRInputStream.h */ = {isa = PBXFileReference; fileEncoding = 4; lastKnownFileType = sourcecode.c.h; path = ANTLRInputStream.h; sourceTree = "<group>"; };
		27E299B31D708E0000046849 /* AbstractPredicateTransition.h */ = {isa = PBXFileReference; fileEncoding = 4; lastKnownFileType = sourcecode.c.h; path = AbstractPredicateTransition.h; sourceTree = "<group>"; };
		27E299B41D708E0000046849 /* ActionTransition.h */ = {isa = PBXFileReference; fileEncoding = 4; lastKnownFileType = sourcecode.c.h; path = ActionTransition.h; sourceTree = "<group>"; };
		27E299B51D708E0000046849 /* AmbiguityInfo.h */ = {isa = PBXFileReference; fileEncoding = 4; lastKnownFileType = sourcecode.c.h; path = AmbiguityInfo.h; sourceTree = "<group>"; };
		27E299B61D708E0000046849 /* ArrayPredictionContext.h */ = {isa = PBXFileReference; fileEncoding = 4; lastKnownFileType = sourcecode.c.h; path = ArrayPredictionContext.h; sourceTree = "<group>"; };
		27E299B71D708E0000046849 /* ATN.h */ = {isa = PBXFileReference; fileEncoding = 4; lastKnownFileType = sourcecode.c.h; path = ATN.h; sourceTree = "<group>"; };
		27E299B81D708E0000046849 /* ATNConfig.h */ = {isa = PBXFileReference; fileEncoding = 4; lastKnownFileType = sourcecode.c.h; path = ATNConfig.h; sourceTree = "<group>"; };
		27E299B91D708E0000046849 /* ATNConfigSet.h */ = {isa = PBXFileReference; fileEncoding = 4; lastKnownFileType = sourcecode.c.h; path = ATNConfigSet.h; sourceTree = "<group>"; };
		27E299BA1D708E0000046849 /* ATNDeserializationOptions.h */ = {isa = PBXFileReference; fileEncoding = 4; lastKnownFileType = sourcecode.c.h; path = ATNDeserializationOptions.h; sourceTree = "<group>"; };
		27E299BB1D708E0000046849 /* ATNDeserializer.h */ = {isa = PBXFileReference; fileEncoding = 4; lastKnownFileType = sourcecode.c.h; path = ATNDeserializer.h; sourceTree = "<group>"; };
		27E299BC1D708E0000046849 /* ATNSerializer.h */ = {isa = PBXFileReference; fileEncoding = 4; lastKnownFileType = sourcecode.c.h; path = ATNSerializer.h; sourceTree = "<group>"; };
		27E299BD1D708E0000046849 /* ATNSimulator.h */ = {isa = PBXFileReference; fileEncoding = 4; lastKnownFileType = sourcecode.c.h; path = ATNSimulator.h; sourceTree = "<group>"; };
		27E299BE1D708E0000046849 /* ATNState.h */ = {isa = PBXFileReference; fileEncoding = 4; lastKnownFileType = sourcecode.c.h; path = ATNState.h; sourceTree = "<group>"; };
		27E299BF1D708E0000046849 /* ATNType.h */ = {isa = PBXFileReference; fileEncoding = 4; lastKnownFileType = sourcecode.c.h; path = ATNType.h; sourceTree = "<group>"; };
		27E299C01D708E0000046849 /* AtomTransition.h */ = {isa = PBXFileReference; fileEncoding = 4; lastKnownFileType = sourcecode.c.h; path = AtomTransition.h; sourceTree = "<group>"; };
		27E299C11D708E0000046849 /* BasicBlockStartState.h */ = {isa = PBXFileReference; fileEncoding = 4; lastKnownFileType = sourcecode.c.h; path = BasicBlockStartState.h; sourceTree = "<group>"; };
		27E299C21D708E0000046849 /* BasicState.h */ = {isa = PBXFileReference; fileEncoding = 4; lastKnownFileType = sourcecode.c.h; path = BasicState.h; sourceTree = "<group>"; };
		27E299C31D708E0000046849 /* BlockEndState.h */ = {isa = PBXFileReference; fileEncoding = 4; lastKnownFileType = sourcecode.c.h; path = BlockEndState.h; sourceTree = "<group>"; };
		27E299C41D708E0000046849 /* BlockStartState.h */ = {isa = PBXFileReference; fileEncoding = 4; lastKnownFileType = sourcecode.c.h; path = BlockStartState.h; sourceTree = "<group>"; };
		27E299C51D708E0000046849 /* ContextSensitivityInfo.h */ = {isa = PBXFileReference; fileEncoding = 4; lastKnownFileType = sourcecode.c.h; path = ContextSensitivityInfo.h; sourceTree = "<group>"; };
		27E299C61D708E0000046849 /* DecisionEventInfo.h */ = {isa = PBXFileReference; fileEncoding = 4; lastKnownFileType = sourcecode.c.h; path = DecisionEventInfo.h; sourceTree = "<group>"; };
		27E299C71D708E0000046849 /* DecisionInfo.h */ = {isa = PBXFileReference; fileEncoding = 4; lastKnownFileType = sourcecode.c.h; path = DecisionInfo.h; sourceTree = "<group>"; };
		27E299C81D708E0000046849 /* DecisionState.h */ = {isa = PBXFileReference; fileEncoding = 4; lastKnownFileType = sourcecode.c.h; path = DecisionState.h; sourceTree = "<group>"; };
		27E299C91D708E0000046849 /* EmptyPredictionContext.h */ = {isa = PBXFileReference; fileEncoding = 4; lastKnownFileType = sourcecode.c.h; path = EmptyPredictionContext.h; sourceTree = "<group>"; };
		27E299CA1D708E0000046849 /* EpsilonTransition.h */ = {isa = PBXFileReference; fileEncoding = 4; lastKnownFileType = sourcecode.c.h; path = EpsilonTransition.h; sourceTree = "<group>"; };
		27E299CB1D708E0000046849 /* ErrorInfo.h */ = {isa = PBXFileReference; fileEncoding = 4; lastKnownFileType = sourcecode.c.h; path = ErrorInfo.h; sourceTree = "<group>"; };
		27E299CC1D708E0000046849 /* LexerAction.h */ = {isa = PBXFileReference; fileEncoding = 4; lastKnownFileType = sourcecode.c.h; path = LexerAction.h; sourceTree = "<group>"; };
		27E299CD1D708E0000046849 /* LexerActionExecutor.h */ = {isa = PBXFileReference; fileEncoding = 4; lastKnownFileType = sourcecode.c.h; path = LexerActionExecutor.h; sourceTree = "<group>"; };
		27E299CE1D708E0000046849 /* LexerActionType.h */ = {isa = PBXFileReference; fileEncoding = 4; lastKnownFileType = sourcecode.c.h; path = LexerActionType.h; sourceTree = "<group>"; };
		27E299CF1D708E0000046849 /* LexerATNConfig.h */ = {isa = PBXFileReference; fileEncoding = 4; lastKnownFileType = sourcecode.c.h; path = LexerATNConfig.h; sourceTree = "<group>"; };
		27E299D01D708E0000046849 /* LexerATNSimulator.h */ = {isa = PBXFileReference; fileEncoding = 4; lastKnownFileType = sourcecode.c.h; path = LexerATNSimulator.h; sourceTree = "<group>"; };
		27E299D11D708E0000046849 /* LexerChannelAction.h */ = {isa = PBXFileReference; fileEncoding = 4; lastKnownFileType = sourcecode.c.h; path = LexerChannelAction.h; sourceTree = "<group>"; };
		27E299D21D708E0000046849 /* LexerCustomAction.h */ = {isa = PBXFileReference; fileEncoding = 4; lastKnownFileType = sourcecode.c.h; path = LexerCustomAction.h; sourceTree = "<group>"; };
		27E299D31D708E0000046849 /* LexerIndexedCustomAction.h */ = {isa = PBXFileReference; fileEncoding = 4; lastKnownFileType = sourcecode.c.h; path = LexerIndexedCustomAction.h; sourceTree = "<group>"; };
		27E299D41D708E0000046849 /* LexerModeAction.h */ = {isa = PBXFileReference; fileEncoding = 4; lastKnownFileType = sourcecode.c.h; path = LexerModeAction.h; sourceTree = "<group>"; };
		27E299D51D708E0000046849 /* LexerMoreAction.h */ = {isa = PBXFileReference; fileEncoding = 4; lastKnownFileType = sourcecode.c.h; path = LexerMoreAction.h; sourceTree = "<group>"; };
		27E299D61D708E0000046849 /* LexerPopModeAction.h */ = {isa = PBXFileReference; fileEncoding = 4; lastKnownFileType = sourcecode.c.h; path = LexerPopModeAction.h; sourceTree = "<group>"; };
		27E299D71D708E0000046849 /* LexerPushModeAction.h */ = {isa = PBXFileReference; fileEncoding = 4; lastKnownFileType = sourcecode.c.h; path = LexerPushModeAction.h; sourceTree = "<group>"; };
		27E299D81D708E0000046849 /* LexerSkipAction.h */ = {isa = PBXFileReference; fileEncoding = 4; lastKnownFileType = sourcecode.c.h; path = LexerSkipAction.h; sourceTree = "<group>"; };
		27E299D91D708E0000046849 /* LexerTypeAction.h */ = {isa = PBXFileReference; fileEncoding = 4; lastKnownFileType = sourcecode.c.h; path = LexerTypeAction.h; sourceTree = "<group>"; };
		27E299DA1D708E0000046849 /* LL1Analyzer.h */ = {isa = PBXFileReference; fileEncoding = 4; lastKnownFileType = sourcecode.c.h; path = LL1Analyzer.h; sourceTree = "<group>"; };
		27E299DB1D708E0000046849 /* LookaheadEventInfo.h */ = {isa = PBXFileReference; fileEncoding = 4; lastKnownFileType = sourcecode.c.h; path = LookaheadEventInfo.h; sourceTree = "<group>"; };
		27E299DC1D708E0000046849 /* LoopEndState.h */ = {isa = PBXFileReference; fileEncoding = 4; lastKnownFileType = sourcecode.c.h; path = LoopEndState.h; sourceTree = "<group>"; };
		27E299DD1D708E0000046849 /* NotSetTransition.h */ = {isa = PBXFileReference; fileEncoding = 4; lastKnownFileType = sourcecode.c.h; path = NotSetTransition.h; sourceTree = "<group>"; };
		27E299DE1D708E0000046849 /* OrderedATNConfigSet.h */ = {isa = PBXFileReference; fileEncoding = 4; lastKnownFileType = sourcecode.c.h; path = OrderedATNConfigSet.h; sourceTree = "<group>"; };
		27E299DF1D708E0000046849 /* ParseInfo.h */ = {isa = PBXFileReference; fileEncoding = 4; lastKnownFileType = sourcecode.c.h; path = ParseInfo.h; sourceTree = "<group>"; };
		27E299E01D708E0000046849 /* ParserATNSimulator.h */ = {isa = PBXFileReference; fileEncoding = 4; lastKnownFileType = sourcecode.c.h; path = ParserATNSimulator.h; sourceTree = "<group>"; };
		27E299E11D708E0000046849 /* PlusBlockStartState.h */ = {isa = PBXFileReference; fileEncoding = 4; lastKnownFileType = sourcecode.c.h; path = PlusBlockStartState.h; sourceTree = "<group>"; };
		27E299E21D708E0000046849 /* PlusLoopbackState.h */ = {isa = PBXFileReference; fileEncoding = 4; lastKnownFileType = sourcecode.c.h; path = PlusLoopbackState.h; sourceTree = "<group>"; };
		27E299E31D708E0000046849 /* PrecedencePredicateTransition.h */ = {isa = PBXFileReference; fileEncoding = 4; lastKnownFileType = sourcecode.c.h; path = PrecedencePredicateTransition.h; sourceTree = "<group>"; };
		27E299E41D708E0000046849 /* PredicateEvalInfo.h */ = {isa = PBXFileReference; fileEncoding = 4; lastKnownFileType = sourcecode.c.h; path = PredicateEvalInfo.h; sourceTree = "<group>"; };
		27E299E51D708E0000046849 /* PredicateTransition.h */ = {isa = PBXFileReference; fileEncoding = 4; lastKnownFileType = sourcecode.c.h; path = PredicateTransition.h; sourceTree = "<group>"; };
		27E299E61D708E0000046849 /* PredictionContext.h */ = {isa = PBXFileReference; fileEncoding = 4; lastKnownFileType = sourcecode.c.h; path = PredictionContext.h; sourceTree = "<group>"; };
		27E299E71D708E0000046849 /* PredictionMode.h */ = {isa = PBXFileReference; fileEncoding = 4; lastKnownFileType = sourcecode.c.h; path = PredictionMode.h; sourceTree = "<group>"; };
		27E299E81D708E0000046849 /* ProfilingATNSimulator.h */ = {isa = PBXFileReference; fileEncoding = 4; lastKnownFileType = sourcecode.c.h; path = ProfilingATNSimulator.h; sourceTree = "<group>"; };
		27E299E91D708E0000046849 /* RangeTransition.h */ = {isa = PBXFileReference; fileEncoding = 4; lastKnownFileType = sourcecode.c.h; path = RangeTransition.h; sourceTree = "<group>"; };
		27E299EA1D708E0000046849 /* RuleStartState.h */ = {isa = PBXFileReference; fileEncoding = 4; lastKnownFileType = sourcecode.c.h; path = RuleStartState.h; sourceTree = "<group>"; };
		27E299EB1D708E0000046849 /* RuleStopState.h */ = {isa = PBXFileReference; fileEncoding = 4; lastKnownFileType = sourcecode.c.h; path = RuleStopState.h; sourceTree = "<group>"; };
		27E299EC1D708E0000046849 /* RuleTransition.h */ = {isa = PBXFileReference; fileEncoding = 4; lastKnownFileType = sourcecode.c.h; path = RuleTransition.h; sourceTree = "<group>"; };
		27E299ED1D708E0000046849 /* SemanticContext.h */ = {isa = PBXFileReference; fileEncoding = 4; lastKnownFileType = sourcecode.c.h; path = SemanticContext.h; sourceTree = "<group>"; };
		27E299EE1D708E0000046849 /* SetTransition.h */ = {isa = PBXFileReference; fileEncoding = 4; lastKnownFileType = sourcecode.c.h; path = SetTransition.h; sourceTree = "<group>"; };
		27E299EF1D708E0000046849 /* SingletonPredictionContext.h */ = {isa = PBXFileReference; fileEncoding = 4; lastKnownFileType = sourcecode.c.h; path = SingletonPredictionContext.h; sourceTree = "<group>"; };
		27E299F01D708E0000046849 /* StarBlockStartState.h */ = {isa = PBXFileReference; fileEncoding = 4; lastKnownFileType = sourcecode.c.h; path = StarBlockStartState.h; sourceTree = "<group>"; };
		27E299F11D708E0000046849 /* StarLoopbackState.h */ = {isa = PBXFileReference; fileEncoding = 4; lastKnownFileType = sourcecode.c.h; path = StarLoopbackState.h; sourceTree = "<group>"; };
		27E299F21D708E0000046849 /* StarLoopEntryState.h */ = {isa = PBXFileReference; fileEncoding = 4; lastKnownFileType = sourcecode.c.h; path = StarLoopEntryState.h; sourceTree = "<group>"; };
		27E299F31D708E0000046849 /* TokensStartState.h */ = {isa = PBXFileReference; fileEncoding = 4; lastKnownFileType = sourcecode.c.h; path = TokensStartState.h; sourceTree = "<group>"; };
		27E299F41D708E0000046849 /* Transition.h */ = {isa = PBXFileReference; fileEncoding = 4; lastKnownFileType = sourcecode.c.h; path = Transition.h; sourceTree = "<group>"; };
		27E299F51D708E0000046849 /* WildcardTransition.h */ = {isa = PBXFileReference; fileEncoding = 4; lastKnownFileType = sourcecode.c.h; path = WildcardTransition.h; sourceTree = "<group>"; };
		27E299F61D708E0000046849 /* BailErrorStrategy.h */ = {isa = PBXFileReference; fileEncoding = 4; lastKnownFileType = sourcecode.c.h; path = BailErrorStrategy.h; sourceTree = "<group>"; };
		27E299F71D708E0000046849 /* BaseErrorListener.h */ = {isa = PBXFileReference; fileEncoding = 4; lastKnownFileType = sourcecode.c.h; path = BaseErrorListener.h; sourceTree = "<group>"; };
		27E299F81D708E0000046849 /* BufferedTokenStream.h */ = {isa = PBXFileReference; fileEncoding = 4; lastKnownFileType = sourcecode.c.h; path = BufferedTokenStream.h; sourceTree = "<group>"; };
		27E299F91D708E0000046849 /* CharStream.h */ = {isa = PBXFileReference; fileEncoding = 4; lastKnownFileType = sourcecode.c.h; path = CharStream.h; sourceTree = "<group>"; };
		27E299FA1D708E0000046849 /* CommonToken.h */ = {isa = PBXFileReference; fileEncoding = 4; lastKnownFileType = sourcecode.c.h; path = CommonToken.h; sourceTree = "<group>"; };
		27E299FB1D708E0000046849 /* CommonTokenFactory.h */ = {isa = PBXFileReference; fileEncoding = 4; lastKnownFileType = sourcecode.c.h; path = CommonTokenFactory.h; sourceTree = "<group>"; };
		27E299FC1D708E0000046849 /* CommonTokenStream.h */ = {isa = PBXFileReference; fileEncoding = 4; lastKnownFileType = sourcecode.c.h; path = CommonTokenStream.h; sourceTree = "<group>"; };
		27E299FD1D708E0000046849 /* ConsoleErrorListener.h */ = {isa = PBXFileReference; fileEncoding = 4; lastKnownFileType = sourcecode.c.h; path = ConsoleErrorListener.h; sourceTree = "<group>"; };
		27E299FE1D708E0000046849 /* DefaultErrorStrategy.h */ = {isa = PBXFileReference; fileEncoding = 4; lastKnownFileType = sourcecode.c.h; path = DefaultErrorStrategy.h; sourceTree = "<group>"; };
		27E29A001D708E0000046849 /* DFA.h */ = {isa = PBXFileReference; fileEncoding = 4; lastKnownFileType = sourcecode.c.h; path = DFA.h; sourceTree = "<group>"; };
		27E29A011D708E0000046849 /* DFASerializer.h */ = {isa = PBXFileReference; fileEncoding = 4; lastKnownFileType = sourcecode.c.h; path = DFASerializer.h; sourceTree = "<group>"; };
		27E29A021D708E0000046849 /* DFAState.h */ = {isa = PBXFileReference; fileEncoding = 4; lastKnownFileType = sourcecode.c.h; path = DFAState.h; sourceTree = "<group>"; };
		27E29A031D708E0000046849 /* LexerDFASerializer.h */ = {isa = PBXFileReference; fileEncoding = 4; lastKnownFileType = sourcecode.c.h; path = LexerDFASerializer.h; sourceTree = "<group>"; };
		27E29A041D708E0000046849 /* DiagnosticErrorListener.h */ = {isa = PBXFileReference; fileEncoding = 4; lastKnownFileType = sourcecode.c.h; path = DiagnosticErrorListener.h; sourceTree = "<group>"; };
		27E29A051D708E0000046849 /* Exceptions.h */ = {isa = PBXFileReference; fileEncoding = 4; lastKnownFileType = sourcecode.c.h; path = Exceptions.h; sourceTree = "<group>"; };
		27E29A061D708E0000046849 /* FailedPredicateException.h */ = {isa = PBXFileReference; fileEncoding = 4; lastKnownFileType = sourcecode.c.h; path = FailedPredicateException.h; sourceTree = "<group>"; };
		27E29A071D708E0000046849 /* InputMismatchException.h */ = {isa = PBXFileReference; fileEncoding = 4; lastKnownFileType = sourcecode.c.h; path = InputMismatchException.h; sourceTree = "<group>"; };
		27E29A081D708E0000046849 /* InterpreterRuleContext.h */ = {isa = PBXFileReference; fileEncoding = 4; lastKnownFileType = sourcecode.c.h; path = InterpreterRuleContext.h; sourceTree = "<group>"; };
		27E29A091D708E0000046849 /* IntStream.h */ = {isa = PBXFileReference; fileEncoding = 4; lastKnownFileType = sourcecode.c.h; path = IntStream.h; sourceTree = "<group>"; };
		27E29A0A1D708E0000046849 /* IRecognizer.h */ = {isa = PBXFileReference; fileEncoding = 4; lastKnownFileType = sourcecode.c.h; path = IRecognizer.h; sourceTree = "<group>"; };
		27E29A0B1D708E0000046849 /* Lexer.h */ = {isa = PBXFileReference; fileEncoding = 4; lastKnownFileType = sourcecode.c.h; path = Lexer.h; sourceTree = "<group>"; };
		27E29A0C1D708E0000046849 /* LexerInterpreter.h */ = {isa = PBXFileReference; fileEncoding = 4; lastKnownFileType = sourcecode.c.h; path = LexerInterpreter.h; sourceTree = "<group>"; };
		27E29A0D1D708E0000046849 /* LexerNoViableAltException.h */ = {isa = PBXFileReference; fileEncoding = 4; lastKnownFileType = sourcecode.c.h; path = LexerNoViableAltException.h; sourceTree = "<group>"; };
		27E29A0E1D708E0000046849 /* ListTokenSource.h */ = {isa = PBXFileReference; fileEncoding = 4; lastKnownFileType = sourcecode.c.h; path = ListTokenSource.h; sourceTree = "<group>"; };
		27E29A101D708E0000046849 /* Interval.h */ = {isa = PBXFileReference; fileEncoding = 4; lastKnownFileType = sourcecode.c.h; path = Interval.h; sourceTree = "<group>"; };
		27E29A111D708E0000046849 /* IntervalSet.h */ = {isa = PBXFileReference; fileEncoding = 4; lastKnownFileType = sourcecode.c.h; path = IntervalSet.h; sourceTree = "<group>"; };
		27E29A121D708E0000046849 /* MurmurHash.h */ = {isa = PBXFileReference; fileEncoding = 4; lastKnownFileType = sourcecode.c.h; path = MurmurHash.h; sourceTree = "<group>"; };
		27E29A131D708E0000046849 /* Predicate.h */ = {isa = PBXFileReference; fileEncoding = 4; lastKnownFileType = sourcecode.c.h; path = Predicate.h; sourceTree = "<group>"; };
		27E29A141D708E0000046849 /* NoViableAltException.h */ = {isa = PBXFileReference; fileEncoding = 4; lastKnownFileType = sourcecode.c.h; path = NoViableAltException.h; sourceTree = "<group>"; };
		27E29A151D708E0000046849 /* Parser.h */ = {isa = PBXFileReference; fileEncoding = 4; lastKnownFileType = sourcecode.c.h; path = Parser.h; sourceTree = "<group>"; };
		27E29A161D708E0000046849 /* ParserInterpreter.h */ = {isa = PBXFileReference; fileEncoding = 4; lastKnownFileType = sourcecode.c.h; path = ParserInterpreter.h; sourceTree = "<group>"; };
		27E29A171D708E0000046849 /* ParserRuleContext.h */ = {isa = PBXFileReference; fileEncoding = 4; lastKnownFileType = sourcecode.c.h; path = ParserRuleContext.h; sourceTree = "<group>"; };
		27E29A181D708E0000046849 /* ProxyErrorListener.h */ = {isa = PBXFileReference; fileEncoding = 4; lastKnownFileType = sourcecode.c.h; path = ProxyErrorListener.h; sourceTree = "<group>"; };
		27E29A191D708E0000046849 /* RecognitionException.h */ = {isa = PBXFileReference; fileEncoding = 4; lastKnownFileType = sourcecode.c.h; path = RecognitionException.h; sourceTree = "<group>"; };
		27E29A1A1D708E0000046849 /* Recognizer.h */ = {isa = PBXFileReference; fileEncoding = 4; lastKnownFileType = sourcecode.c.h; path = Recognizer.h; sourceTree = "<group>"; };
		27E29A1B1D708E0000046849 /* RuleContext.h */ = {isa = PBXFileReference; fileEncoding = 4; lastKnownFileType = sourcecode.c.h; path = RuleContext.h; sourceTree = "<group>"; };
		27E29A1C1D708E0000046849 /* RuleContextWithAltNum.h */ = {isa = PBXFileReference; fileEncoding = 4; lastKnownFileType = sourcecode.c.h; path = RuleContextWithAltNum.h; sourceTree = "<group>"; };
		27E29A1D1D708E0000046849 /* RuntimeMetaData.h */ = {isa = PBXFileReference; fileEncoding = 4; lastKnownFileType = sourcecode.c.h; path = RuntimeMetaData.h; sourceTree = "<group>"; };
		27E29A1F1D708E0000046849 /* Any.h */ = {isa = PBXFileReference; fileEncoding = 4; lastKnownFileType = sourcecode.c.h; path = Any.h; sourceTree = "<group>"; };
		27E29A201D708E0000046849 /* Arrays.h */ = {isa = PBXFileReference; fileEncoding = 4; lastKnownFileType = sourcecode.c.h; path = Arrays.h; sourceTree = "<group>"; };
		27E29A211D708E0000046849 /* BitSet.h */ = {isa = PBXFileReference; fileEncoding = 4; lastKnownFileType = sourcecode.c.h; path = BitSet.h; sourceTree = "<group>"; };
		27E29A221D708E0000046849 /* CPPUtils.h */ = {isa = PBXFileReference; fileEncoding = 4; lastKnownFileType = sourcecode.c.h; path = CPPUtils.h; sourceTree = "<group>"; };
		27E29A231D708E0000046849 /* Declarations.h */ = {isa = PBXFileReference; fileEncoding = 4; lastKnownFileType = sourcecode.c.h; path = Declarations.h; sourceTree = "<group>"; };
		27E29A241D708E0000046849 /* guid.h */ = {isa = PBXFileReference; fileEncoding = 4; lastKnownFileType = sourcecode.c.h; path = guid.h; sourceTree = "<group>"; };
		27E29A251D708E0000046849 /* StringUtils.h */ = {isa = PBXFileReference; fileEncoding = 4; lastKnownFileType = sourcecode.c.h; path = StringUtils.h; sourceTree = "<group>"; };
		27E29A261D708E0000046849 /* Token.h */ = {isa = PBXFileReference; fileEncoding = 4; lastKnownFileType = sourcecode.c.h; path = Token.h; sourceTree = "<group>"; };
		27E29A271D708E0000046849 /* TokenFactory.h */ = {isa = PBXFileReference; fileEncoding = 4; lastKnownFileType = sourcecode.c.h; path = TokenFactory.h; sourceTree = "<group>"; };
		27E29A281D708E0000046849 /* TokenSource.h */ = {isa = PBXFileReference; fileEncoding = 4; lastKnownFileType = sourcecode.c.h; path = TokenSource.h; sourceTree = "<group>"; };
		27E29A291D708E0000046849 /* TokenStream.h */ = {isa = PBXFileReference; fileEncoding = 4; lastKnownFileType = sourcecode.c.h; path = TokenStream.h; sourceTree = "<group>"; };
		27E29A2A1D708E0000046849 /* TokenStreamRewriter.h */ = {isa = PBXFileReference; fileEncoding = 4; lastKnownFileType = sourcecode.c.h; path = TokenStreamRewriter.h; sourceTree = "<group>"; };
		27E29A2C1D708E0000046849 /* AbstractParseTreeVisitor.h */ = {isa = PBXFileReference; fileEncoding = 4; lastKnownFileType = sourcecode.c.h; path = AbstractParseTreeVisitor.h; sourceTree = "<group>"; };
		27E29A2D1D708E0000046849 /* ErrorNode.h */ = {isa = PBXFileReference; fileEncoding = 4; lastKnownFileType = sourcecode.c.h; path = ErrorNode.h; sourceTree = "<group>"; };
		27E29A2E1D708E0000046849 /* ErrorNodeImpl.h */ = {isa = PBXFileReference; fileEncoding = 4; lastKnownFileType = sourcecode.c.h; path = ErrorNodeImpl.h; sourceTree = "<group>"; };
		27E29A2F1D708E0000046849 /* ParseTree.h */ = {isa = PBXFileReference; fileEncoding = 4; lastKnownFileType = sourcecode.c.h; path = ParseTree.h; sourceTree = "<group>"; };
		27E29A301D708E0000046849 /* ParseTreeListener.h */ = {isa = PBXFileReference; fileEncoding = 4; lastKnownFileType = sourcecode.c.h; path = ParseTreeListener.h; sourceTree = "<group>"; };
		27E29A311D708E0000046849 /* ParseTreeProperty.h */ = {isa = PBXFileReference; fileEncoding = 4; lastKnownFileType = sourcecode.c.h; path = ParseTreeProperty.h; sourceTree = "<group>"; };
		27E29A321D708E0000046849 /* ParseTreeVisitor.h */ = {isa = PBXFileReference; fileEncoding = 4; lastKnownFileType = sourcecode.c.h; path = ParseTreeVisitor.h; sourceTree = "<group>"; };
		27E29A331D708E0000046849 /* ParseTreeWalker.h */ = {isa = PBXFileReference; fileEncoding = 4; lastKnownFileType = sourcecode.c.h; path = ParseTreeWalker.h; sourceTree = "<group>"; };
		27E29A351D708E0000046849 /* Chunk.h */ = {isa = PBXFileReference; fileEncoding = 4; lastKnownFileType = sourcecode.c.h; path = Chunk.h; sourceTree = "<group>"; };
		27E29A361D708E0000046849 /* ParseTreeMatch.h */ = {isa = PBXFileReference; fileEncoding = 4; lastKnownFileType = sourcecode.c.h; path = ParseTreeMatch.h; sourceTree = "<group>"; };
		27E29A371D708E0000046849 /* ParseTreePattern.h */ = {isa = PBXFileReference; fileEncoding = 4; lastKnownFileType = sourcecode.c.h; path = ParseTreePattern.h; sourceTree = "<group>"; };
		27E29A381D708E0000046849 /* ParseTreePatternMatcher.h */ = {isa = PBXFileReference; fileEncoding = 4; lastKnownFileType = sourcecode.c.h; path = ParseTreePatternMatcher.h; sourceTree = "<group>"; };
		27E29A391D708E0000046849 /* RuleTagToken.h */ = {isa = PBXFileReference; fileEncoding = 4; lastKnownFileType = sourcecode.c.h; path = RuleTagToken.h; sourceTree = "<group>"; };
		27E29A3A1D708E0000046849 /* TagChunk.h */ = {isa = PBXFileReference; fileEncoding = 4; lastKnownFileType = sourcecode.c.h; path = TagChunk.h; sourceTree = "<group>"; };
		27E29A3B1D708E0000046849 /* TextChunk.h */ = {isa = PBXFileReference; fileEncoding = 4; lastKnownFileType = sourcecode.c.h; path = TextChunk.h; sourceTree = "<group>"; };
		27E29A3C1D708E0000046849 /* TokenTagToken.h */ = {isa = PBXFileReference; fileEncoding = 4; lastKnownFileType = sourcecode.c.h; path = TokenTagToken.h; sourceTree = "<group>"; };
		27E29A3D1D708E0000046849 /* RuleNode.h */ = {isa = PBXFileReference; fileEncoding = 4; lastKnownFileType = sourcecode.c.h; path = RuleNode.h; sourceTree = "<group>"; };
		27E29A3E1D708E0000046849 /* SyntaxTree.h */ = {isa = PBXFileReference; fileEncoding = 4; lastKnownFileType = sourcecode.c.h; path = SyntaxTree.h; sourceTree = "<group>"; };
		27E29A3F1D708E0000046849 /* TerminalNode.h */ = {isa = PBXFileReference; fileEncoding = 4; lastKnownFileType = sourcecode.c.h; path = TerminalNode.h; sourceTree = "<group>"; };
		27E29A401D708E0000046849 /* TerminalNodeImpl.h */ = {isa = PBXFileReference; fileEncoding = 4; lastKnownFileType = sourcecode.c.h; path = TerminalNodeImpl.h; sourceTree = "<group>"; };
		27E29A411D708E0000046849 /* Tree.h */ = {isa = PBXFileReference; fileEncoding = 4; lastKnownFileType = sourcecode.c.h; path = Tree.h; sourceTree = "<group>"; };
		27E29A421D708E0000046849 /* Trees.h */ = {isa = PBXFileReference; fileEncoding = 4; lastKnownFileType = sourcecode.c.h; path = Trees.h; sourceTree = "<group>"; };
		27E29A441D708E0000046849 /* XPath.h */ = {isa = PBXFileReference; fileEncoding = 4; lastKnownFileType = sourcecode.c.h; path = XPath.h; sourceTree = "<group>"; };
		27E29A451D708E0000046849 /* XPathElement.h */ = {isa = PBXFileReference; fileEncoding = 4; lastKnownFileType = sourcecode.c.h; path = XPathElement.h; sourceTree = "<group>"; };
		27E29A461D708E0000046849 /* XPathLexer.h */ = {isa = PBXFileReference; fileEncoding = 4; lastKnownFileType = sourcecode.c.h; path = XPathLexer.h; sourceTree = "<group>"; };
		27E29A471D708E0000046849 /* XPathLexerErrorListener.h */ = {isa = PBXFileReference; fileEncoding = 4; lastKnownFileType = sourcecode.c.h; path = XPathLexerErrorListener.h; sourceTree = "<group>"; };
		27E29A481D708E0000046849 /* XPathRuleAnywhereElement.h */ = {isa = PBXFileReference; fileEncoding = 4; lastKnownFileType = sourcecode.c.h; path = XPathRuleAnywhereElement.h; sourceTree = "<group>"; };
		27E29A491D708E0000046849 /* XPathRuleElement.h */ = {isa = PBXFileReference; fileEncoding = 4; lastKnownFileType = sourcecode.c.h; path = XPathRuleElement.h; sourceTree = "<group>"; };
		27E29A4A1D708E0000046849 /* XPathTokenAnywhereElement.h */ = {isa = PBXFileReference; fileEncoding = 4; lastKnownFileType = sourcecode.c.h; path = XPathTokenAnywhereElement.h; sourceTree = "<group>"; };
		27E29A4B1D708E0000046849 /* XPathTokenElement.h */ = {isa = PBXFileReference; fileEncoding = 4; lastKnownFileType = sourcecode.c.h; path = XPathTokenElement.h; sourceTree = "<group>"; };
		27E29A4C1D708E0000046849 /* XPathWildcardAnywhereElement.h */ = {isa = PBXFileReference; fileEncoding = 4; lastKnownFileType = sourcecode.c.h; path = XPathWildcardAnywhereElement.h; sourceTree = "<group>"; };
		27E29A4D1D708E0000046849 /* XPathWildcardElement.h */ = {isa = PBXFileReference; fileEncoding = 4; lastKnownFileType = sourcecode.c.h; path = XPathWildcardElement.h; sourceTree = "<group>"; };
		27E29A4E1D708E0000046849 /* UnbufferedCharStream.h */ = {isa = PBXFileReference; fileEncoding = 4; lastKnownFileType = sourcecode.c.h; path = UnbufferedCharStream.h; sourceTree = "<group>"; };
		27E29A4F1D708E0000046849 /* UnbufferedTokenStream.h */ = {isa = PBXFileReference; fileEncoding = 4; lastKnownFileType = sourcecode.c.h; path = UnbufferedTokenStream.h; sourceTree = "<group>"; };
		27E29A501D708E0000046849 /* Vocabulary.h */ = {isa = PBXFileReference; fileEncoding = 4; lastKnownFileType = sourcecode.c.h; path = Vocabulary.h; sourceTree = "<group>"; };
		27E29A511D708E0000046849 /* WritableToken.h */ = {isa = PBXFileReference; fileEncoding = 4; lastKnownFileType = sourcecode.c.h; path = WritableToken.h; sourceTree = "<group>"; };
		27E29A551D72055F00046849 /* libantlr4-runtime.a */ = {isa = PBXFileReference; lastKnownFileType = archive.ar; path = "libantlr4-runtime.a"; sourceTree = "<group>"; };
		27E29A591D72A24900046849 /* CmdAudio.g4 */ = {isa = PBXFileReference; fileEncoding = 4; lastKnownFileType = text; path = CmdAudio.g4; sourceTree = "<group>"; };
		27EDD7121D61820B0051C947 /* GeneratorNoise.cpp */ = {isa = PBXFileReference; fileEncoding = 4; lastKnownFileType = sourcecode.cpp.cpp; path = GeneratorNoise.cpp; sourceTree = "<group>"; };
		27EDD7131D61820B0051C947 /* GeneratorNoise.h */ = {isa = PBXFileReference; fileEncoding = 4; lastKnownFileType = sourcecode.c.h; path = GeneratorNoise.h; sourceTree = "<group>"; };
		27EDD7251D618E080051C947 /* GeneratorPinkify.cpp */ = {isa = PBXFileReference; fileEncoding = 4; lastKnownFileType = sourcecode.cpp.cpp; path = GeneratorPinkify.cpp; sourceTree = "<group>"; };
		27EDD7261D618E080051C947 /* GeneratorPinkify.h */ = {isa = PBXFileReference; fileEncoding = 4; lastKnownFileType = sourcecode.c.h; path = GeneratorPinkify.h; sourceTree = "<group>"; };
		27EFE71C1DC6FD8B003E3035 /* GeneratorLerp01.cpp */ = {isa = PBXFileReference; fileEncoding = 4; lastKnownFileType = sourcecode.cpp.cpp; path = GeneratorLerp01.cpp; sourceTree = "<group>"; };
		27EFE71D1DC6FD8B003E3035 /* GeneratorLerp01.h */ = {isa = PBXFileReference; fileEncoding = 4; lastKnownFileType = sourcecode.c.h; path = GeneratorLerp01.h; sourceTree = "<group>"; };
		27EFE72F1DC7F514003E3035 /* GeneratorSquare.cpp */ = {isa = PBXFileReference; fileEncoding = 4; lastKnownFileType = sourcecode.cpp.cpp; path = GeneratorSquare.cpp; sourceTree = "<group>"; };
		27EFE7301DC7F514003E3035 /* GeneratorSquare.h */ = {isa = PBXFileReference; fileEncoding = 4; lastKnownFileType = sourcecode.c.h; path = GeneratorSquare.h; sourceTree = "<group>"; };
/* End PBXFileReference section */

/* Begin PBXFrameworksBuildPhase section */
		276ED7041BE724E500D4E788 /* Frameworks */ = {
			isa = PBXFrameworksBuildPhase;
			buildActionMask = 2147483647;
			files = (
				27E29A571D7205B300046849 /* libyaml-cpp.a in Frameworks */,
				27E29A561D72055F00046849 /* libantlr4-runtime.a in Frameworks */,
				27373AAE1D440F3300FF6521 /* CoreFoundation.framework in Frameworks */,
				27373AAC1D440F1F00FF6521 /* AudioToolbox.framework in Frameworks */,
				27373AAA1D44064B00FF6521 /* CoreAudio.framework in Frameworks */,
			);
			runOnlyForDeploymentPostprocessing = 0;
		};
/* End PBXFrameworksBuildPhase section */

/* Begin PBXGroup section */
		2703E9941BECFD0F00AAD0C6 /* Products */ = {
			isa = PBXGroup;
			children = (
				2703E9A71BECFD0F00AAD0C6 /* libyaml-cpp.a */,
				2703E9A91BECFD0F00AAD0C6 /* run-tests */,
				2703E9AB1BECFD0F00AAD0C6 /* libgmock.a */,
				2703E9AD1BECFD0F00AAD0C6 /* libgmock_main.a */,
				2703E9AF1BECFD0F00AAD0C6 /* libgtest.a */,
				2703E9B11BECFD0F00AAD0C6 /* libgtest_main.a */,
				2703E9B31BECFD0F00AAD0C6 /* parse */,
				2703E9B51BECFD0F00AAD0C6 /* read */,
				2703E9B71BECFD0F00AAD0C6 /* sandbox */,
			);
			name = Products;
			sourceTree = "<group>";
		};
		2703E9B81BF0710600AAD0C6 /* Config */ = {
			isa = PBXGroup;
			children = (
				272D34831D82841A0020CCC9 /* Test1.cmdaudio */,
				27B64A181DBDCDB500842270 /* Test2.cmdaudio */,
				2703E9B91BF071E200AAD0C6 /* Test1.yaml */,
			);
			name = Config;
			sourceTree = "<group>";
		};
		2703E9BF1BF5AD4100AAD0C6 /* Generators */ = {
			isa = PBXGroup;
			children = (
				27B64A291DBDD56600842270 /* GeneratorThreshold.cpp */,
				27B64A2A1DBDD56600842270 /* GeneratorThreshold.h */,
				275BBAFF1DB4413B00E991B0 /* GeneratorRef.cpp */,
				275BBB001DB4413B00E991B0 /* GeneratorRef.h */,
				276ED7131BE725B400D4E788 /* GeneratorRamp.cpp */,
				276ED7141BE725B400D4E788 /* GeneratorRamp.h */,
				276ED7201BE725B400D4E788 /* GeneratorWaveformBase.cpp */,
				276ED7151BE725B400D4E788 /* GeneratorWaveformBase.h */,
				276ED7171BE725B400D4E788 /* GeneratorValueTransformHardClip.cpp */,
				276ED7181BE725B400D4E788 /* GeneratorValueTransformHardClip.h */,
				276ED71F1BE725B400D4E788 /* GeneratorValueTransform.cpp */,
				276ED7271BE725B400D4E788 /* GeneratorValueTransform.h */,
				276ED7211BE725B400D4E788 /* GeneratorLerp.cpp */,
				276ED7241BE725B400D4E788 /* GeneratorLerp.h */,
				27EFE71C1DC6FD8B003E3035 /* GeneratorLerp01.cpp */,
				27EFE71D1DC6FD8B003E3035 /* GeneratorLerp01.h */,
				276ED7221BE725B400D4E788 /* GeneratorConstant.cpp */,
				276ED7251BE725B400D4E788 /* GeneratorConstant.h */,
				276ED7121BE725B400D4E788 /* GeneratorDelay.cpp */,
				276ED7281BE725B400D4E788 /* GeneratorDelay.h */,
				276ED71E1BE725B400D4E788 /* GeneratorMultiply.cpp */,
				276ED72A1BE725B400D4E788 /* GeneratorMultiply.h */,
				276ED7161BE725B400D4E788 /* GeneratorSaw.cpp */,
				276ED7231BE725B400D4E788 /* GeneratorSaw.h */,
				276ED72B1BE725B400D4E788 /* GeneratorSine.cpp */,
				276ED7261BE725B400D4E788 /* GeneratorSine.h */,
				27DC98451BFC5A1000D7D8C7 /* GeneratorPulse.cpp */,
				27DC98461BFC5A1000D7D8C7 /* GeneratorPulse.h */,
				27DC98481BFD83DA00D7D8C7 /* GeneratorUnbound.cpp */,
				27DC98491BFD83DA00D7D8C7 /* GeneratorUnbound.h */,
				27DC984B1BFE1D1600D7D8C7 /* GeneratorArray.cpp */,
				27DC984C1BFE1D1600D7D8C7 /* GeneratorArray.h */,
				27DC98321BFB7D0B00D7D8C7 /* GeneratorComponent.cpp */,
				27DC98331BFB7D0B00D7D8C7 /* GeneratorComponent.h */,
				27DDD0B41C058BB900EF46D6 /* GeneratorInstance.cpp */,
				27DDD0B51C058BB900EF46D6 /* GeneratorInstance.h */,
				274B87FF1D3B119E00374A02 /* GeneratorAdd.cpp */,
				274B88001D3B119E00374A02 /* GeneratorAdd.h */,
				2721DBF61D4C959900CEFBCF /* GeneratorFilter.cpp */,
				2721DBF71D4C959900CEFBCF /* GeneratorFilter.h */,
				27E299351D6A95E500046849 /* GeneratorFilterHigh.cpp */,
				27E299361D6A95E500046849 /* GeneratorFilterHigh.h */,
				275346751D64377A00EB64D7 /* GeneratorFilterComb.cpp */,
				275346761D64377A00EB64D7 /* GeneratorFilterComb.h */,
				27EDD7121D61820B0051C947 /* GeneratorNoise.cpp */,
				27EDD7131D61820B0051C947 /* GeneratorNoise.h */,
				27EDD7251D618E080051C947 /* GeneratorPinkify.cpp */,
				27EDD7261D618E080051C947 /* GeneratorPinkify.h */,
				27E299481D6AB83300046849 /* GeneratorMidiChannel.cpp */,
				27E299491D6AB83300046849 /* GeneratorMidiChannel.h */,
				27D48B281DA6997D001EC9A7 /* GeneratorHold.cpp */,
				27D48B291DA6997D001EC9A7 /* GeneratorHold.h */,
				275BBAEC1DB28A1C00E991B0 /* GeneratorStatement.cpp */,
				275BBAED1DB28A1C00E991B0 /* GeneratorStatement.h */,
				27B64A2C1DBE5B8800842270 /* GeneratorInvert.cpp */,
				27B64A2D1DBE5B8800842270 /* GeneratorInvert.h */,
				27EFE72F1DC7F514003E3035 /* GeneratorSquare.cpp */,
				27EFE7301DC7F514003E3035 /* GeneratorSquare.h */,
			);
			name = Generators;
			sourceTree = "<group>";
		};
		2703E9C01BF5AD7600AAD0C6 /* Outputs */ = {
			isa = PBXGroup;
			children = (
				276ED7291BE725B400D4E788 /* WavWriter.h */,
				276ED7191BE725B400D4E788 /* WavWriter.cpp */,
				2703E9BC1BF59D7F00AAD0C6 /* OutputBase.cpp */,
				2703E9BD1BF59D7F00AAD0C6 /* OutputBase.h */,
				2703E9C11BF5ADCB00AAD0C6 /* OutputWav.cpp */,
				2703E9C21BF5ADCB00AAD0C6 /* OutputWav.h */,
				27373AA61D433B2D00FF6521 /* OutputAudioQueue.cpp */,
				27373AA71D433B2D00FF6521 /* OutputAudioQueue.h */,
			);
			name = Outputs;
			sourceTree = "<group>";
		};
		276ED6FE1BE724E500D4E788 = {
			isa = PBXGroup;
			children = (
				27E29A591D72A24900046849 /* CmdAudio.g4 */,
				2703E9BA1BF0F1B600AAD0C6 /* libyaml-cpp.a */,
				27E299A31D708CEB00046849 /* antlr4-runtime */,
				27E299941D708CCC00046849 /* GeneratedAntlr */,
				27373AAD1D440F3300FF6521 /* CoreFoundation.framework */,
				27373AAB1D440F1F00FF6521 /* AudioToolbox.framework */,
				27373AA91D44064B00FF6521 /* CoreAudio.framework */,
				2703E9B81BF0710600AAD0C6 /* Config */,
				2703E9931BECFD0F00AAD0C6 /* YAML_CPP.xcodeproj */,
				276ED7091BE724E500D4E788 /* CmdAudio */,
				276ED7081BE724E500D4E788 /* Products */,
			);
			sourceTree = "<group>";
		};
		276ED7081BE724E500D4E788 /* Products */ = {
			isa = PBXGroup;
			children = (
				276ED7071BE724E500D4E788 /* CmdAudio */,
			);
			name = Products;
			sourceTree = "<group>";
		};
		276ED7091BE724E500D4E788 /* CmdAudio */ = {
			isa = PBXGroup;
			children = (
				27B045861D322537003CEC0D /* MachineState.h */,
				2761C3F41D3212C8008D5041 /* MachineState.cpp */,
				276ED7111BE725B400D4E788 /* CmdAudio.cpp */,
				276ED71C1BE725B400D4E788 /* CmdAudio.h */,
				2703E9BF1BF5AD4100AAD0C6 /* Generators */,
				276ED71B1BE725B400D4E788 /* GeneratorBase.cpp */,
				276ED71D1BE725B400D4E788 /* GeneratorBase.h */,
				276ED71A1BE725B400D4E788 /* SampleDataBuffer.cpp */,
				276ED72C1BE725B400D4E788 /* SampleDataBuffer.h */,
				276ED72D1BE725B400D4E788 /* TransformClamp.h */,
				276ED72E1BE725B400D4E788 /* TransformClamp.cpp */,
				276ED72F1BE725B400D4E788 /* TransformFunc.h */,
				276ED7301BE725B400D4E788 /* TransformFunc.cpp */,
				276ED7311BE725B400D4E788 /* ReadMe.txt */,
				276ED7321BE725B400D4E788 /* stdafx.cpp */,
				276ED7331BE725B400D4E788 /* stdafx.h */,
				276ED70A1BE724E500D4E788 /* main.cpp */,
				2703E9C01BF5AD7600AAD0C6 /* Outputs */,
				2703E9C41BF5C31E00AAD0C6 /* AudioHierarchy.cpp */,
				2703E9C51BF5C31E00AAD0C6 /* AudioHierarchy.h */,
				2769070A1C0429DE00C4734A /* GeneratorState.cpp */,
				2769070B1C0429DE00C4734A /* GeneratorState.h */,
				274B87EC1D33638400374A02 /* BaseCounted.cpp */,
				274B87ED1D33638400374A02 /* BaseCounted.h */,
				27AA19501D74867300495868 /* AudioHierarchyBuilder.cpp */,
				27AA19511D74867300495868 /* AudioHierarchyBuilder.h */,
			);
			path = CmdAudio;
			sourceTree = "<group>";
		};
		27E299941D708CCC00046849 /* GeneratedAntlr */ = {
			isa = PBXGroup;
			children = (
				27E299951D708CCC00046849 /* CmdAudio.tokens */,
				27E299961D708CCC00046849 /* CmdAudioBaseListener.cpp */,
				27E299971D708CCC00046849 /* CmdAudioBaseListener.h */,
				27E299981D708CCC00046849 /* CmdAudioLexer.cpp */,
				27E299991D708CCC00046849 /* CmdAudioLexer.h */,
				27E2999A1D708CCC00046849 /* CmdAudioLexer.tokens */,
				27E2999B1D708CCC00046849 /* CmdAudioListener.cpp */,
				27E2999C1D708CCC00046849 /* CmdAudioListener.h */,
				27E2999D1D708CCC00046849 /* CmdAudioParser.cpp */,
				27E2999E1D708CCC00046849 /* CmdAudioParser.h */,
			);
			path = GeneratedAntlr;
			sourceTree = "<group>";
		};
		27E299A31D708CEB00046849 /* antlr4-runtime */ = {
			isa = PBXGroup;
			children = (
				27E299AB1D708E0000046849 /* antlr4-runtime */,
				27E299A41D708CEB00046849 /* antlr4-4.5.4-SNAPSHOT.jar */,
				27E299A51D708CEB00046849 /* lib */,
			);
			path = "antlr4-runtime";
			sourceTree = "<group>";
		};
		27E299A51D708CEB00046849 /* lib */ = {
			isa = PBXGroup;
			children = (
				27E29A551D72055F00046849 /* libantlr4-runtime.a */,
				27E299A71D708CEB00046849 /* libantlr4-runtime.dylib */,
			);
			path = lib;
			sourceTree = "<group>";
		};
		27E299AB1D708E0000046849 /* antlr4-runtime */ = {
			isa = PBXGroup;
			children = (
				27E299AC1D708E0000046849 /* antlr4-common.h */,
				27E299AD1D708E0000046849 /* antlr4-runtime.h */,
				27E299AE1D708E0000046849 /* ANTLRErrorListener.h */,
				27E299AF1D708E0000046849 /* ANTLRErrorStrategy.h */,
				27E299B01D708E0000046849 /* ANTLRFileStream.h */,
				27E299B11D708E0000046849 /* ANTLRInputStream.h */,
				27E299B21D708E0000046849 /* atn */,
				27E299F61D708E0000046849 /* BailErrorStrategy.h */,
				27E299F71D708E0000046849 /* BaseErrorListener.h */,
				27E299F81D708E0000046849 /* BufferedTokenStream.h */,
				27E299F91D708E0000046849 /* CharStream.h */,
				27E299FA1D708E0000046849 /* CommonToken.h */,
				27E299FB1D708E0000046849 /* CommonTokenFactory.h */,
				27E299FC1D708E0000046849 /* CommonTokenStream.h */,
				27E299FD1D708E0000046849 /* ConsoleErrorListener.h */,
				27E299FE1D708E0000046849 /* DefaultErrorStrategy.h */,
				27E299FF1D708E0000046849 /* dfa */,
				27E29A041D708E0000046849 /* DiagnosticErrorListener.h */,
				27E29A051D708E0000046849 /* Exceptions.h */,
				27E29A061D708E0000046849 /* FailedPredicateException.h */,
				27E29A071D708E0000046849 /* InputMismatchException.h */,
				27E29A081D708E0000046849 /* InterpreterRuleContext.h */,
				27E29A091D708E0000046849 /* IntStream.h */,
				27E29A0A1D708E0000046849 /* IRecognizer.h */,
				27E29A0B1D708E0000046849 /* Lexer.h */,
				27E29A0C1D708E0000046849 /* LexerInterpreter.h */,
				27E29A0D1D708E0000046849 /* LexerNoViableAltException.h */,
				27E29A0E1D708E0000046849 /* ListTokenSource.h */,
				27E29A0F1D708E0000046849 /* misc */,
				27E29A141D708E0000046849 /* NoViableAltException.h */,
				27E29A151D708E0000046849 /* Parser.h */,
				27E29A161D708E0000046849 /* ParserInterpreter.h */,
				27E29A171D708E0000046849 /* ParserRuleContext.h */,
				27E29A181D708E0000046849 /* ProxyErrorListener.h */,
				27E29A191D708E0000046849 /* RecognitionException.h */,
				27E29A1A1D708E0000046849 /* Recognizer.h */,
				27E29A1B1D708E0000046849 /* RuleContext.h */,
				27E29A1C1D708E0000046849 /* RuleContextWithAltNum.h */,
				27E29A1D1D708E0000046849 /* RuntimeMetaData.h */,
				27E29A1E1D708E0000046849 /* support */,
				27E29A261D708E0000046849 /* Token.h */,
				27E29A271D708E0000046849 /* TokenFactory.h */,
				27E29A281D708E0000046849 /* TokenSource.h */,
				27E29A291D708E0000046849 /* TokenStream.h */,
				27E29A2A1D708E0000046849 /* TokenStreamRewriter.h */,
				27E29A2B1D708E0000046849 /* tree */,
				27E29A4E1D708E0000046849 /* UnbufferedCharStream.h */,
				27E29A4F1D708E0000046849 /* UnbufferedTokenStream.h */,
				27E29A501D708E0000046849 /* Vocabulary.h */,
				27E29A511D708E0000046849 /* WritableToken.h */,
			);
			path = "antlr4-runtime";
			sourceTree = "<group>";
		};
		27E299B21D708E0000046849 /* atn */ = {
			isa = PBXGroup;
			children = (
				27E299B31D708E0000046849 /* AbstractPredicateTransition.h */,
				27E299B41D708E0000046849 /* ActionTransition.h */,
				27E299B51D708E0000046849 /* AmbiguityInfo.h */,
				27E299B61D708E0000046849 /* ArrayPredictionContext.h */,
				27E299B71D708E0000046849 /* ATN.h */,
				27E299B81D708E0000046849 /* ATNConfig.h */,
				27E299B91D708E0000046849 /* ATNConfigSet.h */,
				27E299BA1D708E0000046849 /* ATNDeserializationOptions.h */,
				27E299BB1D708E0000046849 /* ATNDeserializer.h */,
				27E299BC1D708E0000046849 /* ATNSerializer.h */,
				27E299BD1D708E0000046849 /* ATNSimulator.h */,
				27E299BE1D708E0000046849 /* ATNState.h */,
				27E299BF1D708E0000046849 /* ATNType.h */,
				27E299C01D708E0000046849 /* AtomTransition.h */,
				27E299C11D708E0000046849 /* BasicBlockStartState.h */,
				27E299C21D708E0000046849 /* BasicState.h */,
				27E299C31D708E0000046849 /* BlockEndState.h */,
				27E299C41D708E0000046849 /* BlockStartState.h */,
				27E299C51D708E0000046849 /* ContextSensitivityInfo.h */,
				27E299C61D708E0000046849 /* DecisionEventInfo.h */,
				27E299C71D708E0000046849 /* DecisionInfo.h */,
				27E299C81D708E0000046849 /* DecisionState.h */,
				27E299C91D708E0000046849 /* EmptyPredictionContext.h */,
				27E299CA1D708E0000046849 /* EpsilonTransition.h */,
				27E299CB1D708E0000046849 /* ErrorInfo.h */,
				27E299CC1D708E0000046849 /* LexerAction.h */,
				27E299CD1D708E0000046849 /* LexerActionExecutor.h */,
				27E299CE1D708E0000046849 /* LexerActionType.h */,
				27E299CF1D708E0000046849 /* LexerATNConfig.h */,
				27E299D01D708E0000046849 /* LexerATNSimulator.h */,
				27E299D11D708E0000046849 /* LexerChannelAction.h */,
				27E299D21D708E0000046849 /* LexerCustomAction.h */,
				27E299D31D708E0000046849 /* LexerIndexedCustomAction.h */,
				27E299D41D708E0000046849 /* LexerModeAction.h */,
				27E299D51D708E0000046849 /* LexerMoreAction.h */,
				27E299D61D708E0000046849 /* LexerPopModeAction.h */,
				27E299D71D708E0000046849 /* LexerPushModeAction.h */,
				27E299D81D708E0000046849 /* LexerSkipAction.h */,
				27E299D91D708E0000046849 /* LexerTypeAction.h */,
				27E299DA1D708E0000046849 /* LL1Analyzer.h */,
				27E299DB1D708E0000046849 /* LookaheadEventInfo.h */,
				27E299DC1D708E0000046849 /* LoopEndState.h */,
				27E299DD1D708E0000046849 /* NotSetTransition.h */,
				27E299DE1D708E0000046849 /* OrderedATNConfigSet.h */,
				27E299DF1D708E0000046849 /* ParseInfo.h */,
				27E299E01D708E0000046849 /* ParserATNSimulator.h */,
				27E299E11D708E0000046849 /* PlusBlockStartState.h */,
				27E299E21D708E0000046849 /* PlusLoopbackState.h */,
				27E299E31D708E0000046849 /* PrecedencePredicateTransition.h */,
				27E299E41D708E0000046849 /* PredicateEvalInfo.h */,
				27E299E51D708E0000046849 /* PredicateTransition.h */,
				27E299E61D708E0000046849 /* PredictionContext.h */,
				27E299E71D708E0000046849 /* PredictionMode.h */,
				27E299E81D708E0000046849 /* ProfilingATNSimulator.h */,
				27E299E91D708E0000046849 /* RangeTransition.h */,
				27E299EA1D708E0000046849 /* RuleStartState.h */,
				27E299EB1D708E0000046849 /* RuleStopState.h */,
				27E299EC1D708E0000046849 /* RuleTransition.h */,
				27E299ED1D708E0000046849 /* SemanticContext.h */,
				27E299EE1D708E0000046849 /* SetTransition.h */,
				27E299EF1D708E0000046849 /* SingletonPredictionContext.h */,
				27E299F01D708E0000046849 /* StarBlockStartState.h */,
				27E299F11D708E0000046849 /* StarLoopbackState.h */,
				27E299F21D708E0000046849 /* StarLoopEntryState.h */,
				27E299F31D708E0000046849 /* TokensStartState.h */,
				27E299F41D708E0000046849 /* Transition.h */,
				27E299F51D708E0000046849 /* WildcardTransition.h */,
			);
			path = atn;
			sourceTree = "<group>";
		};
		27E299FF1D708E0000046849 /* dfa */ = {
			isa = PBXGroup;
			children = (
				27E29A001D708E0000046849 /* DFA.h */,
				27E29A011D708E0000046849 /* DFASerializer.h */,
				27E29A021D708E0000046849 /* DFAState.h */,
				27E29A031D708E0000046849 /* LexerDFASerializer.h */,
			);
			path = dfa;
			sourceTree = "<group>";
		};
		27E29A0F1D708E0000046849 /* misc */ = {
			isa = PBXGroup;
			children = (
				27E29A101D708E0000046849 /* Interval.h */,
				27E29A111D708E0000046849 /* IntervalSet.h */,
				27E29A121D708E0000046849 /* MurmurHash.h */,
				27E29A131D708E0000046849 /* Predicate.h */,
			);
			path = misc;
			sourceTree = "<group>";
		};
		27E29A1E1D708E0000046849 /* support */ = {
			isa = PBXGroup;
			children = (
				27E29A1F1D708E0000046849 /* Any.h */,
				27E29A201D708E0000046849 /* Arrays.h */,
				27E29A211D708E0000046849 /* BitSet.h */,
				27E29A221D708E0000046849 /* CPPUtils.h */,
				27E29A231D708E0000046849 /* Declarations.h */,
				27E29A241D708E0000046849 /* guid.h */,
				27E29A251D708E0000046849 /* StringUtils.h */,
			);
			path = support;
			sourceTree = "<group>";
		};
		27E29A2B1D708E0000046849 /* tree */ = {
			isa = PBXGroup;
			children = (
				27E29A2C1D708E0000046849 /* AbstractParseTreeVisitor.h */,
				27E29A2D1D708E0000046849 /* ErrorNode.h */,
				27E29A2E1D708E0000046849 /* ErrorNodeImpl.h */,
				27E29A2F1D708E0000046849 /* ParseTree.h */,
				27E29A301D708E0000046849 /* ParseTreeListener.h */,
				27E29A311D708E0000046849 /* ParseTreeProperty.h */,
				27E29A321D708E0000046849 /* ParseTreeVisitor.h */,
				27E29A331D708E0000046849 /* ParseTreeWalker.h */,
				27E29A341D708E0000046849 /* pattern */,
				27E29A3D1D708E0000046849 /* RuleNode.h */,
				27E29A3E1D708E0000046849 /* SyntaxTree.h */,
				27E29A3F1D708E0000046849 /* TerminalNode.h */,
				27E29A401D708E0000046849 /* TerminalNodeImpl.h */,
				27E29A411D708E0000046849 /* Tree.h */,
				27E29A421D708E0000046849 /* Trees.h */,
				27E29A431D708E0000046849 /* xpath */,
			);
			path = tree;
			sourceTree = "<group>";
		};
		27E29A341D708E0000046849 /* pattern */ = {
			isa = PBXGroup;
			children = (
				27E29A351D708E0000046849 /* Chunk.h */,
				27E29A361D708E0000046849 /* ParseTreeMatch.h */,
				27E29A371D708E0000046849 /* ParseTreePattern.h */,
				27E29A381D708E0000046849 /* ParseTreePatternMatcher.h */,
				27E29A391D708E0000046849 /* RuleTagToken.h */,
				27E29A3A1D708E0000046849 /* TagChunk.h */,
				27E29A3B1D708E0000046849 /* TextChunk.h */,
				27E29A3C1D708E0000046849 /* TokenTagToken.h */,
			);
			path = pattern;
			sourceTree = "<group>";
		};
		27E29A431D708E0000046849 /* xpath */ = {
			isa = PBXGroup;
			children = (
				27E29A441D708E0000046849 /* XPath.h */,
				27E29A451D708E0000046849 /* XPathElement.h */,
				27E29A461D708E0000046849 /* XPathLexer.h */,
				27E29A471D708E0000046849 /* XPathLexerErrorListener.h */,
				27E29A481D708E0000046849 /* XPathRuleAnywhereElement.h */,
				27E29A491D708E0000046849 /* XPathRuleElement.h */,
				27E29A4A1D708E0000046849 /* XPathTokenAnywhereElement.h */,
				27E29A4B1D708E0000046849 /* XPathTokenElement.h */,
				27E29A4C1D708E0000046849 /* XPathWildcardAnywhereElement.h */,
				27E29A4D1D708E0000046849 /* XPathWildcardElement.h */,
			);
			path = xpath;
			sourceTree = "<group>";
		};
/* End PBXGroup section */

/* Begin PBXNativeTarget section */
		276ED7061BE724E500D4E788 /* CmdAudio */ = {
			isa = PBXNativeTarget;
			buildConfigurationList = 276ED70E1BE724E500D4E788 /* Build configuration list for PBXNativeTarget "CmdAudio" */;
			buildPhases = (
				276ED7031BE724E500D4E788 /* Sources */,
				276ED7041BE724E500D4E788 /* Frameworks */,
				276ED7051BE724E500D4E788 /* CopyFiles */,
			);
			buildRules = (
			);
			dependencies = (
			);
			name = CmdAudio;
			productName = CmdAudio;
			productReference = 276ED7071BE724E500D4E788 /* CmdAudio */;
			productType = "com.apple.product-type.tool";
		};
/* End PBXNativeTarget section */

/* Begin PBXProject section */
		276ED6FF1BE724E500D4E788 /* Project object */ = {
			isa = PBXProject;
			attributes = {
				LastUpgradeCheck = 0730;
				ORGANIZATIONNAME = "Doodleoo Games";
				TargetAttributes = {
					276ED7061BE724E500D4E788 = {
						CreatedOnToolsVersion = 6.1.1;
					};
				};
			};
			buildConfigurationList = 276ED7021BE724E500D4E788 /* Build configuration list for PBXProject "CmdAudio" */;
			compatibilityVersion = "Xcode 3.2";
			developmentRegion = English;
			hasScannedForEncodings = 0;
			knownRegions = (
				en,
			);
			mainGroup = 276ED6FE1BE724E500D4E788;
			productRefGroup = 276ED7081BE724E500D4E788 /* Products */;
			projectDirPath = "";
			projectReferences = (
				{
					ProductGroup = 2703E9941BECFD0F00AAD0C6 /* Products */;
					ProjectRef = 2703E9931BECFD0F00AAD0C6 /* YAML_CPP.xcodeproj */;
				},
			);
			projectRoot = "";
			targets = (
				276ED7061BE724E500D4E788 /* CmdAudio */,
			);
		};
/* End PBXProject section */

/* Begin PBXReferenceProxy section */
		2703E9A71BECFD0F00AAD0C6 /* libyaml-cpp.a */ = {
			isa = PBXReferenceProxy;
			fileType = archive.ar;
			path = "libyaml-cpp.a";
			remoteRef = 2703E9A61BECFD0F00AAD0C6 /* PBXContainerItemProxy */;
			sourceTree = BUILT_PRODUCTS_DIR;
		};
		2703E9A91BECFD0F00AAD0C6 /* run-tests */ = {
			isa = PBXReferenceProxy;
			fileType = "compiled.mach-o.executable";
			path = "run-tests";
			remoteRef = 2703E9A81BECFD0F00AAD0C6 /* PBXContainerItemProxy */;
			sourceTree = BUILT_PRODUCTS_DIR;
		};
		2703E9AB1BECFD0F00AAD0C6 /* libgmock.a */ = {
			isa = PBXReferenceProxy;
			fileType = archive.ar;
			path = libgmock.a;
			remoteRef = 2703E9AA1BECFD0F00AAD0C6 /* PBXContainerItemProxy */;
			sourceTree = BUILT_PRODUCTS_DIR;
		};
		2703E9AD1BECFD0F00AAD0C6 /* libgmock_main.a */ = {
			isa = PBXReferenceProxy;
			fileType = archive.ar;
			path = libgmock_main.a;
			remoteRef = 2703E9AC1BECFD0F00AAD0C6 /* PBXContainerItemProxy */;
			sourceTree = BUILT_PRODUCTS_DIR;
		};
		2703E9AF1BECFD0F00AAD0C6 /* libgtest.a */ = {
			isa = PBXReferenceProxy;
			fileType = archive.ar;
			path = libgtest.a;
			remoteRef = 2703E9AE1BECFD0F00AAD0C6 /* PBXContainerItemProxy */;
			sourceTree = BUILT_PRODUCTS_DIR;
		};
		2703E9B11BECFD0F00AAD0C6 /* libgtest_main.a */ = {
			isa = PBXReferenceProxy;
			fileType = archive.ar;
			path = libgtest_main.a;
			remoteRef = 2703E9B01BECFD0F00AAD0C6 /* PBXContainerItemProxy */;
			sourceTree = BUILT_PRODUCTS_DIR;
		};
		2703E9B31BECFD0F00AAD0C6 /* parse */ = {
			isa = PBXReferenceProxy;
			fileType = "compiled.mach-o.executable";
			path = parse;
			remoteRef = 2703E9B21BECFD0F00AAD0C6 /* PBXContainerItemProxy */;
			sourceTree = BUILT_PRODUCTS_DIR;
		};
		2703E9B51BECFD0F00AAD0C6 /* read */ = {
			isa = PBXReferenceProxy;
			fileType = "compiled.mach-o.executable";
			path = read;
			remoteRef = 2703E9B41BECFD0F00AAD0C6 /* PBXContainerItemProxy */;
			sourceTree = BUILT_PRODUCTS_DIR;
		};
		2703E9B71BECFD0F00AAD0C6 /* sandbox */ = {
			isa = PBXReferenceProxy;
			fileType = "compiled.mach-o.executable";
			path = sandbox;
			remoteRef = 2703E9B61BECFD0F00AAD0C6 /* PBXContainerItemProxy */;
			sourceTree = BUILT_PRODUCTS_DIR;
		};
/* End PBXReferenceProxy section */

/* Begin PBXSourcesBuildPhase section */
		276ED7031BE724E500D4E788 /* Sources */ = {
			isa = PBXSourcesBuildPhase;
			buildActionMask = 2147483647;
			files = (
				276ED73C1BE725B400D4E788 /* GeneratorBase.cpp in Sources */,
				27E299A11D708CCC00046849 /* CmdAudioListener.cpp in Sources */,
				274B88011D3B119E00374A02 /* GeneratorAdd.cpp in Sources */,
				276ED73A1BE725B400D4E788 /* WavWriter.cpp in Sources */,
				27DDD0B61C058BB900EF46D6 /* GeneratorInstance.cpp in Sources */,
				27B64A2B1DBDD56600842270 /* GeneratorThreshold.cpp in Sources */,
				276ED70B1BE724E500D4E788 /* main.cpp in Sources */,
				27AA19521D74867300495868 /* AudioHierarchyBuilder.cpp in Sources */,
				27E299371D6A95E500046849 /* GeneratorFilterHigh.cpp in Sources */,
				276ED73D1BE725B400D4E788 /* GeneratorMultiply.cpp in Sources */,
				276ED7381BE725B400D4E788 /* GeneratorSaw.cpp in Sources */,
				275346771D64377A00EB64D7 /* GeneratorFilterComb.cpp in Sources */,
				27EDD7141D61820B0051C947 /* GeneratorNoise.cpp in Sources */,
				274B87EE1D33638400374A02 /* BaseCounted.cpp in Sources */,
				276ED73B1BE725B400D4E788 /* SampleDataBuffer.cpp in Sources */,
				27EFE71E1DC6FD8B003E3035 /* GeneratorLerp01.cpp in Sources */,
				276ED7371BE725B400D4E788 /* GeneratorRamp.cpp in Sources */,
				276ED73F1BE725B400D4E788 /* GeneratorWaveformBase.cpp in Sources */,
				2703E9BE1BF59D7F00AAD0C6 /* OutputBase.cpp in Sources */,
				276ED73E1BE725B400D4E788 /* GeneratorValueTransform.cpp in Sources */,
				27EFE7311DC7F514003E3035 /* GeneratorSquare.cpp in Sources */,
				27373AA81D433B2D00FF6521 /* OutputAudioQueue.cpp in Sources */,
				27DC98341BFB7D0B00D7D8C7 /* GeneratorComponent.cpp in Sources */,
				2703E9C61BF5C31E00AAD0C6 /* AudioHierarchy.cpp in Sources */,
				27E299A21D708CCC00046849 /* CmdAudioParser.cpp in Sources */,
				276ED7451BE725B400D4E788 /* stdafx.cpp in Sources */,
				2721DBF81D4C959900CEFBCF /* GeneratorFilter.cpp in Sources */,
				276ED7401BE725B400D4E788 /* GeneratorLerp.cpp in Sources */,
				276ED7391BE725B400D4E788 /* GeneratorValueTransformHardClip.cpp in Sources */,
				2703E9C31BF5ADCB00AAD0C6 /* OutputWav.cpp in Sources */,
				276ED7361BE725B400D4E788 /* GeneratorDelay.cpp in Sources */,
				27E2994A1D6AB83300046849 /* GeneratorMidiChannel.cpp in Sources */,
				276ED7441BE725B400D4E788 /* TransformFunc.cpp in Sources */,
				27D48B2A1DA6997D001EC9A7 /* GeneratorHold.cpp in Sources */,
				275BBB011DB4413B00E991B0 /* GeneratorRef.cpp in Sources */,
				2761C3F51D3212C8008D5041 /* MachineState.cpp in Sources */,
				276ED7431BE725B400D4E788 /* TransformClamp.cpp in Sources */,
				27DC98471BFC5A1000D7D8C7 /* GeneratorPulse.cpp in Sources */,
				27E2999F1D708CCC00046849 /* CmdAudioBaseListener.cpp in Sources */,
				276ED7351BE725B400D4E788 /* CmdAudio.cpp in Sources */,
				27E299A01D708CCC00046849 /* CmdAudioLexer.cpp in Sources */,
				2769070C1C0429DE00C4734A /* GeneratorState.cpp in Sources */,
				276ED7411BE725B400D4E788 /* GeneratorConstant.cpp in Sources */,
				27EDD7271D618E080051C947 /* GeneratorPinkify.cpp in Sources */,
				27DC984D1BFE1D1600D7D8C7 /* GeneratorArray.cpp in Sources */,
				276ED7421BE725B400D4E788 /* GeneratorSine.cpp in Sources */,
				27DC984A1BFD83DA00D7D8C7 /* GeneratorUnbound.cpp in Sources */,
				27B64A2E1DBE5B8800842270 /* GeneratorInvert.cpp in Sources */,
				275BBAEE1DB28A1C00E991B0 /* GeneratorStatement.cpp in Sources */,
			);
			runOnlyForDeploymentPostprocessing = 0;
		};
/* End PBXSourcesBuildPhase section */

/* Begin XCBuildConfiguration section */
		276ED70C1BE724E500D4E788 /* Debug */ = {
			isa = XCBuildConfiguration;
			buildSettings = {
				ALWAYS_SEARCH_USER_PATHS = NO;
				CLANG_CXX_LANGUAGE_STANDARD = "gnu++0x";
				CLANG_CXX_LIBRARY = "libc++";
				CLANG_ENABLE_MODULES = YES;
				CLANG_ENABLE_OBJC_ARC = YES;
				CLANG_WARN_BOOL_CONVERSION = YES;
				CLANG_WARN_CONSTANT_CONVERSION = YES;
				CLANG_WARN_DIRECT_OBJC_ISA_USAGE = YES_ERROR;
				CLANG_WARN_EMPTY_BODY = YES;
				CLANG_WARN_ENUM_CONVERSION = YES;
				CLANG_WARN_INT_CONVERSION = YES;
				CLANG_WARN_OBJC_ROOT_CLASS = YES_ERROR;
				CLANG_WARN_UNREACHABLE_CODE = YES;
				CLANG_WARN__DUPLICATE_METHOD_MATCH = YES;
				COPY_PHASE_STRIP = NO;
				ENABLE_STRICT_OBJC_MSGSEND = YES;
				ENABLE_TESTABILITY = YES;
				GCC_C_LANGUAGE_STANDARD = gnu99;
				GCC_DYNAMIC_NO_PIC = NO;
				GCC_OPTIMIZATION_LEVEL = 0;
				GCC_PREPROCESSOR_DEFINITIONS = (
					"DEBUG=1",
					"$(inherited)",
				);
				GCC_SYMBOLS_PRIVATE_EXTERN = NO;
				GCC_WARN_64_TO_32_BIT_CONVERSION = YES;
				GCC_WARN_ABOUT_RETURN_TYPE = YES_ERROR;
				GCC_WARN_UNDECLARED_SELECTOR = YES;
				GCC_WARN_UNINITIALIZED_AUTOS = YES_AGGRESSIVE;
				GCC_WARN_UNUSED_FUNCTION = YES;
				GCC_WARN_UNUSED_VARIABLE = YES;
				HEADER_SEARCH_PATHS = (
					"$(inherited)",
					/Applications/Xcode.app/Contents/Developer/Toolchains/XcodeDefault.xctoolchain/usr/include,
					/usr/local/include/,
				);
				MACOSX_DEPLOYMENT_TARGET = 10.10;
				MTL_ENABLE_DEBUG_INFO = YES;
				ONLY_ACTIVE_ARCH = YES;
				SDKROOT = macosx;
				USER_HEADER_SEARCH_PATHS = "yaml-cpp/include";
			};
			name = Debug;
		};
		276ED70D1BE724E500D4E788 /* Release */ = {
			isa = XCBuildConfiguration;
			buildSettings = {
				ALWAYS_SEARCH_USER_PATHS = NO;
				CLANG_CXX_LANGUAGE_STANDARD = "gnu++0x";
				CLANG_CXX_LIBRARY = "libc++";
				CLANG_ENABLE_MODULES = YES;
				CLANG_ENABLE_OBJC_ARC = YES;
				CLANG_WARN_BOOL_CONVERSION = YES;
				CLANG_WARN_CONSTANT_CONVERSION = YES;
				CLANG_WARN_DIRECT_OBJC_ISA_USAGE = YES_ERROR;
				CLANG_WARN_EMPTY_BODY = YES;
				CLANG_WARN_ENUM_CONVERSION = YES;
				CLANG_WARN_INT_CONVERSION = YES;
				CLANG_WARN_OBJC_ROOT_CLASS = YES_ERROR;
				CLANG_WARN_UNREACHABLE_CODE = YES;
				CLANG_WARN__DUPLICATE_METHOD_MATCH = YES;
				COPY_PHASE_STRIP = YES;
				DEBUG_INFORMATION_FORMAT = "dwarf-with-dsym";
				ENABLE_NS_ASSERTIONS = NO;
				ENABLE_STRICT_OBJC_MSGSEND = YES;
				GCC_C_LANGUAGE_STANDARD = gnu99;
				GCC_WARN_64_TO_32_BIT_CONVERSION = YES;
				GCC_WARN_ABOUT_RETURN_TYPE = YES_ERROR;
				GCC_WARN_UNDECLARED_SELECTOR = YES;
				GCC_WARN_UNINITIALIZED_AUTOS = YES_AGGRESSIVE;
				GCC_WARN_UNUSED_FUNCTION = YES;
				GCC_WARN_UNUSED_VARIABLE = YES;
				HEADER_SEARCH_PATHS = (
					"$(inherited)",
					/Applications/Xcode.app/Contents/Developer/Toolchains/XcodeDefault.xctoolchain/usr/include,
					/usr/local/include/,
				);
				MACOSX_DEPLOYMENT_TARGET = 10.10;
				MTL_ENABLE_DEBUG_INFO = NO;
				SDKROOT = macosx;
				USER_HEADER_SEARCH_PATHS = "yaml-cpp/include";
			};
			name = Release;
		};
		276ED70F1BE724E500D4E788 /* Debug */ = {
			isa = XCBuildConfiguration;
			buildSettings = {
				LIBRARY_SEARCH_PATHS = (
					"$(inherited)",
					"$(PROJECT_DIR)/yaml-cpp/Release",
					"$(PROJECT_DIR)/antlr4-runtime/lib",
				);
				PRODUCT_NAME = "$(TARGET_NAME)";
				USER_HEADER_SEARCH_PATHS = "yaml-cpp/include antlr4-runtime/antlr4-runtime";
			};
			name = Debug;
		};
		276ED7101BE724E500D4E788 /* Release */ = {
			isa = XCBuildConfiguration;
			buildSettings = {
				LIBRARY_SEARCH_PATHS = (
					"$(inherited)",
					"$(PROJECT_DIR)/yaml-cpp/Release",
					"$(PROJECT_DIR)/antlr4-runtime/lib",
				);
				PRODUCT_NAME = "$(TARGET_NAME)";
				USER_HEADER_SEARCH_PATHS = "yaml-cpp/include antlr4-runtime/antlr4-runtime";
			};
			name = Release;
		};
/* End XCBuildConfiguration section */

/* Begin XCConfigurationList section */
		276ED7021BE724E500D4E788 /* Build configuration list for PBXProject "CmdAudio" */ = {
			isa = XCConfigurationList;
			buildConfigurations = (
				276ED70C1BE724E500D4E788 /* Debug */,
				276ED70D1BE724E500D4E788 /* Release */,
			);
			defaultConfigurationIsVisible = 0;
			defaultConfigurationName = Release;
		};
		276ED70E1BE724E500D4E788 /* Build configuration list for PBXNativeTarget "CmdAudio" */ = {
			isa = XCConfigurationList;
			buildConfigurations = (
				276ED70F1BE724E500D4E788 /* Debug */,
				276ED7101BE724E500D4E788 /* Release */,
			);
			defaultConfigurationIsVisible = 0;
			defaultConfigurationName = Release;
		};
/* End XCConfigurationList section */
	};
	rootObject = 276ED6FF1BE724E500D4E788 /* Project object */;
}
